// !$*UTF8*$!
{
	archiveVersion = 1;
	classes = {
	};
	objectVersion = 56;
	objects = {

/* Begin PBXBuildFile section */
		313059DD2B9CC0E200120A3B /* physrw_pte.c in Sources */ = {isa = PBXBuildFile; fileRef = 313059BC2B9CC0E100120A3B /* physrw_pte.c */; };
		313059DE2B9CC0E200120A3B /* signatures.m in Sources */ = {isa = PBXBuildFile; fileRef = 313059BD2B9CC0E100120A3B /* signatures.m */; };
		313059E02B9CC0E200120A3B /* jbclient_xpc.c in Sources */ = {isa = PBXBuildFile; fileRef = 313059C32B9CC0E100120A3B /* jbclient_xpc.c */; };
		313059E12B9CC0E200120A3B /* kalloc_pt.m in Sources */ = {isa = PBXBuildFile; fileRef = 313059C52B9CC0E100120A3B /* kalloc_pt.m */; };
		313059E22B9CC0E200120A3B /* primitives_IOSurface.m in Sources */ = {isa = PBXBuildFile; fileRef = 313059C62B9CC0E100120A3B /* primitives_IOSurface.m */; };
		313059E32B9CC0E200120A3B /* jbserver.c in Sources */ = {isa = PBXBuildFile; fileRef = 313059C82B9CC0E100120A3B /* jbserver.c */; };
		313059E42B9CC0E200120A3B /* kernel.c in Sources */ = {isa = PBXBuildFile; fileRef = 313059C92B9CC0E100120A3B /* kernel.c */; };
		313059E52B9CC0E200120A3B /* translation.c in Sources */ = {isa = PBXBuildFile; fileRef = 313059CA2B9CC0E100120A3B /* translation.c */; };
		313059E62B9CC0E200120A3B /* util.m in Sources */ = {isa = PBXBuildFile; fileRef = 313059CD2B9CC0E100120A3B /* util.m */; };
		313059E72B9CC0E200120A3B /* info.c in Sources */ = {isa = PBXBuildFile; fileRef = 313059D32B9CC0E100120A3B /* info.c */; };
		313059E82B9CC0E200120A3B /* physrw.c in Sources */ = {isa = PBXBuildFile; fileRef = 313059D52B9CC0E100120A3B /* physrw.c */; };
		313059E92B9CC0E200120A3B /* trustcache.c in Sources */ = {isa = PBXBuildFile; fileRef = 313059D72B9CC0E200120A3B /* trustcache.c */; };
		313059EA2B9CC0E200120A3B /* primitives.c in Sources */ = {isa = PBXBuildFile; fileRef = 313059DA2B9CC0E200120A3B /* primitives.c */; };
		313059EB2B9CC0E200120A3B /* util.c in Sources */ = {isa = PBXBuildFile; fileRef = 313059DB2B9CC0E200120A3B /* util.c */; };
		313059F12B9CC1CB00120A3B /* libarchive.tbd in Frameworks */ = {isa = PBXBuildFile; fileRef = 313059EC2B9CC10000120A3B /* libarchive.tbd */; };
		313059F52B9CC1F000120A3B /* dmaFail.c in Sources */ = {isa = PBXBuildFile; fileRef = 313059F32B9CC1F000120A3B /* dmaFail.c */; };
		31305A202B9CC64C00120A3B /* XPC.apinotes in Resources */ = {isa = PBXBuildFile; fileRef = 31305A192B9CC64C00120A3B /* XPC.apinotes */; };
		31305A3C2B9CC6EE00120A3B /* kfd.m in Sources */ = {isa = PBXBuildFile; fileRef = 31305A222B9CC6ED00120A3B /* kfd.m */; };
		31305A402B9CDE5E00120A3B /* Color++.swift in Sources */ = {isa = PBXBuildFile; fileRef = 31305A3F2B9CDE5E00120A3B /* Color++.swift */; };
		315AB88F2B7CD85C00DE2D4A /* libcurl.a in Frameworks */ = {isa = PBXBuildFile; fileRef = 315AB88D2B7CD85C00DE2D4A /* libcurl.a */; };
		315AB8902B7CD85C00DE2D4A /* libfragmentzip.a in Frameworks */ = {isa = PBXBuildFile; fileRef = 315AB88E2B7CD85C00DE2D4A /* libfragmentzip.a */; };
		315AB9022B7D101200DE2D4A /* libchoma.a in Frameworks */ = {isa = PBXBuildFile; fileRef = 315AB9012B7D101200DE2D4A /* libchoma.a */; };
		315AB9062B7D103000DE2D4A /* patchfind.c in Sources */ = {isa = PBXBuildFile; fileRef = 315AB9052B7D103000DE2D4A /* patchfind.c */; };
		316D041D2B7F77A5001324BA /* SwiftfulLoadingIndicators in Frameworks */ = {isa = PBXBuildFile; productRef = 316D041C2B7F77A5001324BA /* SwiftfulLoadingIndicators */; };
		316D044D2B7F8189001324BA /* Logger.swift in Sources */ = {isa = PBXBuildFile; fileRef = 316D043E2B7F8188001324BA /* Logger.swift */; };
		316D044E2B7F8189001324BA /* Error++.swift in Sources */ = {isa = PBXBuildFile; fileRef = 316D04402B7F8188001324BA /* Error++.swift */; };
		316D04512B7F8189001324BA /* AboutView.swift in Sources */ = {isa = PBXBuildFile; fileRef = 316D04442B7F8188001324BA /* AboutView.swift */; };
		316D04522B7F8189001324BA /* InstallerView.swift in Sources */ = {isa = PBXBuildFile; fileRef = 316D04452B7F8188001324BA /* InstallerView.swift */; };
		316D04532B7F8189001324BA /* SettingsView.swift in Sources */ = {isa = PBXBuildFile; fileRef = 316D04462B7F8188001324BA /* SettingsView.swift */; };
		316D04542B7F8189001324BA /* MaterialView.swift in Sources */ = {isa = PBXBuildFile; fileRef = 316D04472B7F8188001324BA /* MaterialView.swift */; };
		316D04562B7F8189001324BA /* LogView.swift in Sources */ = {isa = PBXBuildFile; fileRef = 316D04492B7F8188001324BA /* LogView.swift */; };
		316D04572B7F8189001324BA /* PopupView.swift in Sources */ = {isa = PBXBuildFile; fileRef = 316D044A2B7F8188001324BA /* PopupView.swift */; };
		31792E772B77AF0000D3DE29 /* IOKit.framework in Frameworks */ = {isa = PBXBuildFile; fileRef = 31792E762B77AF0000D3DE29 /* IOKit.framework */; };
		3183E5532B9902D2008CFD84 /* libgrabkernel2.a in Frameworks */ = {isa = PBXBuildFile; fileRef = 3183E5522B9902D2008CFD84 /* libgrabkernel2.a */; };
		3183E5542B9904DF008CFD84 /* libz.tbd in Frameworks */ = {isa = PBXBuildFile; fileRef = 31792E992B77B93500D3DE29 /* libz.tbd */; };
		3183E5572B9905FA008CFD84 /* post_exploitation.c in Sources */ = {isa = PBXBuildFile; fileRef = 3183E5562B9905FA008CFD84 /* post_exploitation.c */; };
		3190C3962BA254D3005D4EAB /* libxpf.dylib in Frameworks */ = {isa = PBXBuildFile; fileRef = 3190C3952BA254D3005D4EAB /* libxpf.dylib */; };
		3190C3982BA25526005D4EAB /* libxpf.dylib in Copy Files */ = {isa = PBXBuildFile; fileRef = 3190C3952BA254D3005D4EAB /* libxpf.dylib */; settings = {ATTRIBUTES = (CodeSignOnCopy, ); }; };
		3190C3A12BA25610005D4EAB /* namecache.m in Sources */ = {isa = PBXBuildFile; fileRef = 3190C3A02BA25610005D4EAB /* namecache.m */; };
		3190C3A32BA2561B005D4EAB /* offsets.m in Sources */ = {isa = PBXBuildFile; fileRef = 3190C3A22BA2561B005D4EAB /* offsets.m */; };
		31BC0B152B95DB80000F404E /* vm_unaligned_copy_switch_race.c in Sources */ = {isa = PBXBuildFile; fileRef = 31BC0B0F2B95DB80000F404E /* vm_unaligned_copy_switch_race.c */; };
		31BC0B162B95DB80000F404E /* helpers.m in Sources */ = {isa = PBXBuildFile; fileRef = 31BC0B122B95DB80000F404E /* helpers.m */; };
		31BC0B172B95DB80000F404E /* grant_full_disk_access.m in Sources */ = {isa = PBXBuildFile; fileRef = 31BC0B132B95DB80000F404E /* grant_full_disk_access.m */; };
		31C606C72BA789F20042815A /* find.m in Sources */ = {isa = PBXBuildFile; fileRef = 31C606C62BA789F20042815A /* find.m */; };
		31D54FAB2B9D144400C55FEC /* install.m in Sources */ = {isa = PBXBuildFile; fileRef = 31D54FAA2B9D144400C55FEC /* install.m */; };
		31D54FAE2B9D18F900C55FEC /* extract.swift in Sources */ = {isa = PBXBuildFile; fileRef = 31D54FAD2B9D18F900C55FEC /* extract.swift */; };
		31D54FB02B9D1B7D00C55FEC /* TrollStore.tar in Resources */ = {isa = PBXBuildFile; fileRef = 31D54FAF2B9D1B7D00C55FEC /* TrollStore.tar */; };
		31F44EAD2B77A7A300F20B2A /* TrollInstallerXApp.swift in Sources */ = {isa = PBXBuildFile; fileRef = 31F44EAC2B77A7A300F20B2A /* TrollInstallerXApp.swift */; };
		31F44EB12B77A7A500F20B2A /* Assets.xcassets in Resources */ = {isa = PBXBuildFile; fileRef = 31F44EB02B77A7A500F20B2A /* Assets.xcassets */; };
		31F44EB42B77A7A500F20B2A /* Preview Assets.xcassets in Resources */ = {isa = PBXBuildFile; fileRef = 31F44EB32B77A7A500F20B2A /* Preview Assets.xcassets */; };
/* End PBXBuildFile section */

/* Begin PBXCopyFilesBuildPhase section */
		316B390B2B7D12CD00196729 /* Copy Files */ = {
			isa = PBXCopyFilesBuildPhase;
			buildActionMask = 2147483647;
			dstPath = "";
			dstSubfolderSpec = 7;
			files = (
				3190C3982BA25526005D4EAB /* libxpf.dylib in Copy Files */,
			);
			name = "Copy Files";
			runOnlyForDeploymentPostprocessing = 0;
		};
/* End PBXCopyFilesBuildPhase section */

/* Begin PBXFileReference section */
		313059BB2B9CC0E100120A3B /* physrw_pte.h */ = {isa = PBXFileReference; fileEncoding = 4; lastKnownFileType = sourcecode.c.h; path = physrw_pte.h; sourceTree = "<group>"; };
		313059BC2B9CC0E100120A3B /* physrw_pte.c */ = {isa = PBXFileReference; fileEncoding = 4; lastKnownFileType = sourcecode.c.c; path = physrw_pte.c; sourceTree = "<group>"; };
		313059BD2B9CC0E100120A3B /* signatures.m */ = {isa = PBXFileReference; fileEncoding = 4; lastKnownFileType = sourcecode.c.objc; path = signatures.m; sourceTree = "<group>"; };
		313059BE2B9CC0E100120A3B /* machine_info.h */ = {isa = PBXFileReference; fileEncoding = 4; lastKnownFileType = sourcecode.c.h; path = machine_info.h; sourceTree = "<group>"; };
		313059BF2B9CC0E100120A3B /* kernel.h */ = {isa = PBXFileReference; fileEncoding = 4; lastKnownFileType = sourcecode.c.h; path = kernel.h; sourceTree = "<group>"; };
		313059C02B9CC0E100120A3B /* physrw.h */ = {isa = PBXFileReference; fileEncoding = 4; lastKnownFileType = sourcecode.c.h; path = physrw.h; sourceTree = "<group>"; };
		313059C32B9CC0E100120A3B /* jbclient_xpc.c */ = {isa = PBXFileReference; fileEncoding = 4; lastKnownFileType = sourcecode.c.c; path = jbclient_xpc.c; sourceTree = "<group>"; };
		313059C42B9CC0E100120A3B /* info.h */ = {isa = PBXFileReference; fileEncoding = 4; lastKnownFileType = sourcecode.c.h; path = info.h; sourceTree = "<group>"; };
		313059C52B9CC0E100120A3B /* kalloc_pt.m */ = {isa = PBXFileReference; fileEncoding = 4; lastKnownFileType = sourcecode.c.objc; path = kalloc_pt.m; sourceTree = "<group>"; };
		313059C62B9CC0E100120A3B /* primitives_IOSurface.m */ = {isa = PBXFileReference; fileEncoding = 4; lastKnownFileType = sourcecode.c.objc; path = primitives_IOSurface.m; sourceTree = "<group>"; };
		313059C72B9CC0E100120A3B /* primitives_external.h */ = {isa = PBXFileReference; fileEncoding = 4; lastKnownFileType = sourcecode.c.h; path = primitives_external.h; sourceTree = "<group>"; };
		313059C82B9CC0E100120A3B /* jbserver.c */ = {isa = PBXFileReference; fileEncoding = 4; lastKnownFileType = sourcecode.c.c; path = jbserver.c; sourceTree = "<group>"; };
		313059C92B9CC0E100120A3B /* kernel.c */ = {isa = PBXFileReference; fileEncoding = 4; lastKnownFileType = sourcecode.c.c; path = kernel.c; sourceTree = "<group>"; };
		313059CA2B9CC0E100120A3B /* translation.c */ = {isa = PBXFileReference; fileEncoding = 4; lastKnownFileType = sourcecode.c.c; path = translation.c; sourceTree = "<group>"; };
		313059CB2B9CC0E100120A3B /* pte.h */ = {isa = PBXFileReference; fileEncoding = 4; lastKnownFileType = sourcecode.c.h; path = pte.h; sourceTree = "<group>"; };
		313059CC2B9CC0E100120A3B /* kalloc_pt.h */ = {isa = PBXFileReference; fileEncoding = 4; lastKnownFileType = sourcecode.c.h; path = kalloc_pt.h; sourceTree = "<group>"; };
		313059CD2B9CC0E100120A3B /* util.m */ = {isa = PBXFileReference; fileEncoding = 4; lastKnownFileType = sourcecode.c.objc; path = util.m; sourceTree = "<group>"; };
		313059CE2B9CC0E100120A3B /* pvh.h */ = {isa = PBXFileReference; fileEncoding = 4; lastKnownFileType = sourcecode.c.h; path = pvh.h; sourceTree = "<group>"; };
		313059CF2B9CC0E100120A3B /* primitives_IOSurface.h */ = {isa = PBXFileReference; fileEncoding = 4; lastKnownFileType = sourcecode.c.h; path = primitives_IOSurface.h; sourceTree = "<group>"; };
		313059D02B9CC0E100120A3B /* translation.h */ = {isa = PBXFileReference; fileEncoding = 4; lastKnownFileType = sourcecode.c.h; path = translation.h; sourceTree = "<group>"; };
		313059D12B9CC0E100120A3B /* util.h */ = {isa = PBXFileReference; fileEncoding = 4; lastKnownFileType = sourcecode.c.h; path = util.h; sourceTree = "<group>"; };
		313059D22B9CC0E100120A3B /* trustcache_structs.h */ = {isa = PBXFileReference; fileEncoding = 4; lastKnownFileType = sourcecode.c.h; path = trustcache_structs.h; sourceTree = "<group>"; };
		313059D32B9CC0E100120A3B /* info.c */ = {isa = PBXFileReference; fileEncoding = 4; lastKnownFileType = sourcecode.c.c; path = info.c; sourceTree = "<group>"; };
		313059D42B9CC0E100120A3B /* trustcache.h */ = {isa = PBXFileReference; fileEncoding = 4; lastKnownFileType = sourcecode.c.h; path = trustcache.h; sourceTree = "<group>"; };
		313059D52B9CC0E100120A3B /* physrw.c */ = {isa = PBXFileReference; fileEncoding = 4; lastKnownFileType = sourcecode.c.c; path = physrw.c; sourceTree = "<group>"; };
		313059D62B9CC0E100120A3B /* signatures.h */ = {isa = PBXFileReference; fileEncoding = 4; lastKnownFileType = sourcecode.c.h; path = signatures.h; sourceTree = "<group>"; };
		313059D72B9CC0E200120A3B /* trustcache.c */ = {isa = PBXFileReference; fileEncoding = 4; lastKnownFileType = sourcecode.c.c; path = trustcache.c; sourceTree = "<group>"; };
		313059D82B9CC0E200120A3B /* jbclient_xpc.h */ = {isa = PBXFileReference; fileEncoding = 4; lastKnownFileType = sourcecode.c.h; path = jbclient_xpc.h; sourceTree = "<group>"; };
		313059D92B9CC0E200120A3B /* jbserver.h */ = {isa = PBXFileReference; fileEncoding = 4; lastKnownFileType = sourcecode.c.h; path = jbserver.h; sourceTree = "<group>"; };
		313059DA2B9CC0E200120A3B /* primitives.c */ = {isa = PBXFileReference; fileEncoding = 4; lastKnownFileType = sourcecode.c.c; path = primitives.c; sourceTree = "<group>"; };
		313059DB2B9CC0E200120A3B /* util.c */ = {isa = PBXFileReference; fileEncoding = 4; lastKnownFileType = sourcecode.c.c; path = util.c; sourceTree = "<group>"; };
		313059DC2B9CC0E200120A3B /* primitives.h */ = {isa = PBXFileReference; fileEncoding = 4; lastKnownFileType = sourcecode.c.h; path = primitives.h; sourceTree = "<group>"; };
		313059EC2B9CC10000120A3B /* libarchive.tbd */ = {isa = PBXFileReference; lastKnownFileType = "sourcecode.text-based-dylib-definition"; name = libarchive.tbd; path = usr/lib/libarchive.tbd; sourceTree = SDKROOT; };
		313059EE2B9CC11700120A3B /* archive.h */ = {isa = PBXFileReference; fileEncoding = 4; lastKnownFileType = sourcecode.c.h; path = archive.h; sourceTree = "<group>"; };
		313059EF2B9CC11700120A3B /* archive_entry.h */ = {isa = PBXFileReference; fileEncoding = 4; lastKnownFileType = sourcecode.c.h; path = archive_entry.h; sourceTree = "<group>"; };
		313059F32B9CC1F000120A3B /* dmaFail.c */ = {isa = PBXFileReference; fileEncoding = 4; lastKnownFileType = sourcecode.c.c; path = dmaFail.c; sourceTree = "<group>"; };
		313059F42B9CC1F000120A3B /* dmaFail.h */ = {isa = PBXFileReference; fileEncoding = 4; lastKnownFileType = sourcecode.c.h; path = dmaFail.h; sourceTree = "<group>"; };
		31305A142B9CC64C00120A3B /* endpoint.h */ = {isa = PBXFileReference; fileEncoding = 4; lastKnownFileType = sourcecode.c.h; path = endpoint.h; sourceTree = "<group>"; };
		31305A152B9CC64C00120A3B /* connection.h */ = {isa = PBXFileReference; fileEncoding = 4; lastKnownFileType = sourcecode.c.h; path = connection.h; sourceTree = "<group>"; };
		31305A162B9CC64C00120A3B /* module.modulemap */ = {isa = PBXFileReference; fileEncoding = 4; lastKnownFileType = "sourcecode.module-map"; path = module.modulemap; sourceTree = "<group>"; };
		31305A172B9CC64C00120A3B /* xpc.h */ = {isa = PBXFileReference; fileEncoding = 4; lastKnownFileType = sourcecode.c.h; path = xpc.h; sourceTree = "<group>"; };
		31305A182B9CC64C00120A3B /* availability.h */ = {isa = PBXFileReference; fileEncoding = 4; lastKnownFileType = sourcecode.c.h; path = availability.h; sourceTree = "<group>"; };
		31305A192B9CC64C00120A3B /* XPC.apinotes */ = {isa = PBXFileReference; fileEncoding = 4; lastKnownFileType = text.apinotes; path = XPC.apinotes; sourceTree = "<group>"; };
		31305A1A2B9CC64C00120A3B /* activity.h */ = {isa = PBXFileReference; fileEncoding = 4; lastKnownFileType = sourcecode.c.h; path = activity.h; sourceTree = "<group>"; };
		31305A1B2B9CC64C00120A3B /* debug.h */ = {isa = PBXFileReference; fileEncoding = 4; lastKnownFileType = sourcecode.c.h; path = debug.h; sourceTree = "<group>"; };
		31305A1C2B9CC64C00120A3B /* base.h */ = {isa = PBXFileReference; fileEncoding = 4; lastKnownFileType = sourcecode.c.h; path = base.h; sourceTree = "<group>"; };
		31305A1D2B9CC64C00120A3B /* rich_error.h */ = {isa = PBXFileReference; fileEncoding = 4; lastKnownFileType = sourcecode.c.h; path = rich_error.h; sourceTree = "<group>"; };
		31305A1E2B9CC64C00120A3B /* private.h */ = {isa = PBXFileReference; fileEncoding = 4; lastKnownFileType = sourcecode.c.h; path = private.h; sourceTree = "<group>"; };
		31305A1F2B9CC64C00120A3B /* session.h */ = {isa = PBXFileReference; fileEncoding = 4; lastKnownFileType = sourcecode.c.h; path = session.h; sourceTree = "<group>"; };
		31305A212B9CC6ED00120A3B /* kfd.h */ = {isa = PBXFileReference; fileEncoding = 4; lastKnownFileType = sourcecode.c.h; path = kfd.h; sourceTree = "<group>"; };
		31305A222B9CC6ED00120A3B /* kfd.m */ = {isa = PBXFileReference; fileEncoding = 4; lastKnownFileType = sourcecode.c.objc; path = kfd.m; sourceTree = "<group>"; };
		31305A252B9CC6ED00120A3B /* krkw.h */ = {isa = PBXFileReference; fileEncoding = 4; lastKnownFileType = sourcecode.c.h; path = krkw.h; sourceTree = "<group>"; };
		31305A282B9CC6ED00120A3B /* kread_sem_open.h */ = {isa = PBXFileReference; fileEncoding = 4; lastKnownFileType = sourcecode.c.h; path = kread_sem_open.h; sourceTree = "<group>"; };
		31305A292B9CC6ED00120A3B /* kread_IOSurface.h */ = {isa = PBXFileReference; fileEncoding = 4; lastKnownFileType = sourcecode.c.h; path = kread_IOSurface.h; sourceTree = "<group>"; };
		31305A2A2B9CC6ED00120A3B /* kread_kqueue_workloop_ctl.h */ = {isa = PBXFileReference; fileEncoding = 4; lastKnownFileType = sourcecode.c.h; path = kread_kqueue_workloop_ctl.h; sourceTree = "<group>"; };
		31305A2B2B9CC6ED00120A3B /* IOSurface_shared.h */ = {isa = PBXFileReference; fileEncoding = 4; lastKnownFileType = sourcecode.c.h; path = IOSurface_shared.h; sourceTree = "<group>"; };
		31305A2D2B9CC6ED00120A3B /* kwrite_IOSurface.h */ = {isa = PBXFileReference; fileEncoding = 4; lastKnownFileType = sourcecode.c.h; path = kwrite_IOSurface.h; sourceTree = "<group>"; };
		31305A2E2B9CC6ED00120A3B /* kwrite_sem_open.h */ = {isa = PBXFileReference; fileEncoding = 4; lastKnownFileType = sourcecode.c.h; path = kwrite_sem_open.h; sourceTree = "<group>"; };
		31305A2F2B9CC6ED00120A3B /* kwrite_dup.h */ = {isa = PBXFileReference; fileEncoding = 4; lastKnownFileType = sourcecode.c.h; path = kwrite_dup.h; sourceTree = "<group>"; };
		31305A312B9CC6ED00120A3B /* static_info.h */ = {isa = PBXFileReference; fileEncoding = 4; lastKnownFileType = sourcecode.c.h; path = static_info.h; sourceTree = "<group>"; };
		31305A322B9CC6ED00120A3B /* dynamic_info.h */ = {isa = PBXFileReference; fileEncoding = 4; lastKnownFileType = sourcecode.c.h; path = dynamic_info.h; sourceTree = "<group>"; };
		31305A332B9CC6ED00120A3B /* puaf.h */ = {isa = PBXFileReference; fileEncoding = 4; lastKnownFileType = sourcecode.c.h; path = puaf.h; sourceTree = "<group>"; };
		31305A342B9CC6ED00120A3B /* common.h */ = {isa = PBXFileReference; fileEncoding = 4; lastKnownFileType = sourcecode.c.h; path = common.h; sourceTree = "<group>"; };
		31305A362B9CC6ED00120A3B /* smith.h */ = {isa = PBXFileReference; fileEncoding = 4; lastKnownFileType = sourcecode.c.h; path = smith.h; sourceTree = "<group>"; };
		31305A372B9CC6ED00120A3B /* physpuppet.h */ = {isa = PBXFileReference; fileEncoding = 4; lastKnownFileType = sourcecode.c.h; path = physpuppet.h; sourceTree = "<group>"; };
		31305A382B9CC6ED00120A3B /* landa.h */ = {isa = PBXFileReference; fileEncoding = 4; lastKnownFileType = sourcecode.c.h; path = landa.h; sourceTree = "<group>"; };
		31305A392B9CC6ED00120A3B /* perf.h */ = {isa = PBXFileReference; fileEncoding = 4; lastKnownFileType = sourcecode.c.h; path = perf.h; sourceTree = "<group>"; };
		31305A3A2B9CC6ED00120A3B /* info.h */ = {isa = PBXFileReference; fileEncoding = 4; lastKnownFileType = sourcecode.c.h; path = info.h; sourceTree = "<group>"; };
		31305A3B2B9CC6ED00120A3B /* libkfd.h */ = {isa = PBXFileReference; fileEncoding = 4; lastKnownFileType = sourcecode.c.h; path = libkfd.h; sourceTree = "<group>"; };
		31305A3F2B9CDE5E00120A3B /* Color++.swift */ = {isa = PBXFileReference; lastKnownFileType = sourcecode.swift; path = "Color++.swift"; sourceTree = "<group>"; };
		31305A412B9CE43000120A3B /* codesign.h */ = {isa = PBXFileReference; lastKnownFileType = sourcecode.c.h; path = codesign.h; sourceTree = "<group>"; };
		315AB8892B7CD81100DE2D4A /* libfragmentzip.h */ = {isa = PBXFileReference; lastKnownFileType = sourcecode.c.h; path = libfragmentzip.h; sourceTree = "<group>"; };
		315AB88A2B7CD84900DE2D4A /* libfragmentzip.a */ = {isa = PBXFileReference; lastKnownFileType = archive.ar; name = libfragmentzip.a; path = "../../Jailbreaks/Dopamine-2.0/Application/Dopamine/Dependencies/libfragmentzip.a"; sourceTree = "<group>"; };
		315AB88B2B7CD84900DE2D4A /* libcurl.a */ = {isa = PBXFileReference; lastKnownFileType = archive.ar; name = libcurl.a; path = "../../Jailbreaks/Dopamine-2.0/Application/Dopamine/Dependencies/libcurl.a"; sourceTree = "<group>"; };
		315AB88D2B7CD85C00DE2D4A /* libcurl.a */ = {isa = PBXFileReference; lastKnownFileType = archive.ar; path = libcurl.a; sourceTree = "<group>"; };
		315AB88E2B7CD85C00DE2D4A /* libfragmentzip.a */ = {isa = PBXFileReference; lastKnownFileType = archive.ar; path = libfragmentzip.a; sourceTree = "<group>"; };
		315AB8B62B7CDCA800DE2D4A /* header.h */ = {isa = PBXFileReference; fileEncoding = 4; lastKnownFileType = sourcecode.c.h; path = header.h; sourceTree = "<group>"; };
		315AB8B72B7CDCA800DE2D4A /* options.h */ = {isa = PBXFileReference; fileEncoding = 4; lastKnownFileType = sourcecode.c.h; path = options.h; sourceTree = "<group>"; };
		315AB8B82B7CDCA800DE2D4A /* mprintf.h */ = {isa = PBXFileReference; fileEncoding = 4; lastKnownFileType = sourcecode.c.h; path = mprintf.h; sourceTree = "<group>"; };
		315AB8B92B7CDCA800DE2D4A /* easy.h */ = {isa = PBXFileReference; fileEncoding = 4; lastKnownFileType = sourcecode.c.h; path = easy.h; sourceTree = "<group>"; };
		315AB8BA2B7CDCA800DE2D4A /* curl.h */ = {isa = PBXFileReference; fileEncoding = 4; lastKnownFileType = sourcecode.c.h; path = curl.h; sourceTree = "<group>"; };
		315AB8BB2B7CDCA800DE2D4A /* websockets.h */ = {isa = PBXFileReference; fileEncoding = 4; lastKnownFileType = sourcecode.c.h; path = websockets.h; sourceTree = "<group>"; };
		315AB8BC2B7CDCA800DE2D4A /* curlver.h */ = {isa = PBXFileReference; fileEncoding = 4; lastKnownFileType = sourcecode.c.h; path = curlver.h; sourceTree = "<group>"; };
		315AB8BD2B7CDCA800DE2D4A /* system.h */ = {isa = PBXFileReference; fileEncoding = 4; lastKnownFileType = sourcecode.c.h; path = system.h; sourceTree = "<group>"; };
		315AB8BE2B7CDCA800DE2D4A /* typecheck-gcc.h */ = {isa = PBXFileReference; fileEncoding = 4; lastKnownFileType = sourcecode.c.h; path = "typecheck-gcc.h"; sourceTree = "<group>"; };
		315AB8BF2B7CDCA800DE2D4A /* multi.h */ = {isa = PBXFileReference; fileEncoding = 4; lastKnownFileType = sourcecode.c.h; path = multi.h; sourceTree = "<group>"; };
		315AB8C02B7CDCA800DE2D4A /* urlapi.h */ = {isa = PBXFileReference; fileEncoding = 4; lastKnownFileType = sourcecode.c.h; path = urlapi.h; sourceTree = "<group>"; };
		315AB8E42B7D0FFB00DE2D4A /* MachOLoadCommand.h */ = {isa = PBXFileReference; fileEncoding = 4; lastKnownFileType = sourcecode.c.h; path = MachOLoadCommand.h; sourceTree = "<group>"; };
		315AB8E52B7D0FFB00DE2D4A /* MemoryStream.h */ = {isa = PBXFileReference; fileEncoding = 4; lastKnownFileType = sourcecode.c.h; path = MemoryStream.h; sourceTree = "<group>"; };
		315AB8E62B7D0FFB00DE2D4A /* Base64.h */ = {isa = PBXFileReference; fileEncoding = 4; lastKnownFileType = sourcecode.c.h; path = Base64.h; sourceTree = "<group>"; };
		315AB8E72B7D0FFB00DE2D4A /* Host.h */ = {isa = PBXFileReference; fileEncoding = 4; lastKnownFileType = sourcecode.c.h; path = Host.h; sourceTree = "<group>"; };
		315AB8E82B7D0FFB00DE2D4A /* PatchFinder_arm64.h */ = {isa = PBXFileReference; fileEncoding = 4; lastKnownFileType = sourcecode.c.h; path = PatchFinder_arm64.h; sourceTree = "<group>"; };
		315AB8E92B7D0FFB00DE2D4A /* CSBlob.h */ = {isa = PBXFileReference; fileEncoding = 4; lastKnownFileType = sourcecode.c.h; path = CSBlob.h; sourceTree = "<group>"; };
		315AB8EA2B7D0FFB00DE2D4A /* FileStream.h */ = {isa = PBXFileReference; fileEncoding = 4; lastKnownFileType = sourcecode.c.h; path = FileStream.h; sourceTree = "<group>"; };
		315AB8EB2B7D0FFB00DE2D4A /* arm64.h */ = {isa = PBXFileReference; fileEncoding = 4; lastKnownFileType = sourcecode.c.h; path = arm64.h; sourceTree = "<group>"; };
		315AB8EC2B7D0FFB00DE2D4A /* Util.h */ = {isa = PBXFileReference; fileEncoding = 4; lastKnownFileType = sourcecode.c.h; path = Util.h; sourceTree = "<group>"; };
		315AB8ED2B7D0FFB00DE2D4A /* MachO.h */ = {isa = PBXFileReference; fileEncoding = 4; lastKnownFileType = sourcecode.c.h; path = MachO.h; sourceTree = "<group>"; };
		315AB8EE2B7D0FFB00DE2D4A /* MachOByteOrder.h */ = {isa = PBXFileReference; fileEncoding = 4; lastKnownFileType = sourcecode.c.h; path = MachOByteOrder.h; sourceTree = "<group>"; };
		315AB8EF2B7D0FFB00DE2D4A /* CodeDirectory.h */ = {isa = PBXFileReference; fileEncoding = 4; lastKnownFileType = sourcecode.c.h; path = CodeDirectory.h; sourceTree = "<group>"; };
		315AB8F02B7D0FFB00DE2D4A /* FAT.h */ = {isa = PBXFileReference; fileEncoding = 4; lastKnownFileType = sourcecode.c.h; path = FAT.h; sourceTree = "<group>"; };
		315AB8F12B7D0FFB00DE2D4A /* BufferedStream.h */ = {isa = PBXFileReference; fileEncoding = 4; lastKnownFileType = sourcecode.c.h; path = BufferedStream.h; sourceTree = "<group>"; };
		315AB8F22B7D0FFB00DE2D4A /* PatchFinder.h */ = {isa = PBXFileReference; fileEncoding = 4; lastKnownFileType = sourcecode.c.h; path = PatchFinder.h; sourceTree = "<group>"; };
		315AB9002B7D100400DE2D4A /* launch.h */ = {isa = PBXFileReference; lastKnownFileType = sourcecode.c.h; path = launch.h; sourceTree = "<group>"; };
		315AB9012B7D101200DE2D4A /* libchoma.a */ = {isa = PBXFileReference; lastKnownFileType = archive.ar; path = libchoma.a; sourceTree = "<group>"; };
		315AB9042B7D103000DE2D4A /* patchfind.h */ = {isa = PBXFileReference; lastKnownFileType = sourcecode.c.h; path = patchfind.h; sourceTree = "<group>"; };
		315AB9052B7D103000DE2D4A /* patchfind.c */ = {isa = PBXFileReference; lastKnownFileType = sourcecode.c.c; path = patchfind.c; sourceTree = "<group>"; };
		316D043E2B7F8188001324BA /* Logger.swift */ = {isa = PBXFileReference; fileEncoding = 4; lastKnownFileType = sourcecode.swift; path = Logger.swift; sourceTree = "<group>"; };
		316D04402B7F8188001324BA /* Error++.swift */ = {isa = PBXFileReference; fileEncoding = 4; lastKnownFileType = sourcecode.swift; path = "Error++.swift"; sourceTree = "<group>"; };
		316D04442B7F8188001324BA /* AboutView.swift */ = {isa = PBXFileReference; fileEncoding = 4; lastKnownFileType = sourcecode.swift; path = AboutView.swift; sourceTree = "<group>"; };
		316D04452B7F8188001324BA /* InstallerView.swift */ = {isa = PBXFileReference; fileEncoding = 4; lastKnownFileType = sourcecode.swift; path = InstallerView.swift; sourceTree = "<group>"; };
		316D04462B7F8188001324BA /* SettingsView.swift */ = {isa = PBXFileReference; fileEncoding = 4; lastKnownFileType = sourcecode.swift; path = SettingsView.swift; sourceTree = "<group>"; };
		316D04472B7F8188001324BA /* MaterialView.swift */ = {isa = PBXFileReference; fileEncoding = 4; lastKnownFileType = sourcecode.swift; path = MaterialView.swift; sourceTree = "<group>"; };
		316D04492B7F8188001324BA /* LogView.swift */ = {isa = PBXFileReference; fileEncoding = 4; lastKnownFileType = sourcecode.swift; path = LogView.swift; sourceTree = "<group>"; };
		316D044A2B7F8188001324BA /* PopupView.swift */ = {isa = PBXFileReference; fileEncoding = 4; lastKnownFileType = sourcecode.swift; path = PopupView.swift; sourceTree = "<group>"; };
		31792E762B77AF0000D3DE29 /* IOKit.framework */ = {isa = PBXFileReference; lastKnownFileType = wrapper.framework; name = IOKit.framework; path = System/Library/Frameworks/IOKit.framework; sourceTree = SDKROOT; };
		31792E7B2B77B00000D3DE29 /* TrollInstallerX-Bridging-Header.h */ = {isa = PBXFileReference; lastKnownFileType = sourcecode.c.h; path = "TrollInstallerX-Bridging-Header.h"; sourceTree = "<group>"; };
		31792E972B77B91700D3DE29 /* libMobileGestalt.tbd */ = {isa = PBXFileReference; lastKnownFileType = "sourcecode.text-based-dylib-definition"; name = libMobileGestalt.tbd; path = usr/lib/libMobileGestalt.tbd; sourceTree = SDKROOT; };
		31792E992B77B93500D3DE29 /* libz.tbd */ = {isa = PBXFileReference; lastKnownFileType = "sourcecode.text-based-dylib-definition"; name = libz.tbd; path = usr/lib/libz.tbd; sourceTree = SDKROOT; };
		3183E5412B98FC1A008CFD84 /* libgrabkernel2.h */ = {isa = PBXFileReference; fileEncoding = 4; lastKnownFileType = sourcecode.c.h; path = libgrabkernel2.h; sourceTree = "<group>"; };
		3183E5522B9902D2008CFD84 /* libgrabkernel2.a */ = {isa = PBXFileReference; lastKnownFileType = archive.ar; path = libgrabkernel2.a; sourceTree = "<group>"; };
		3183E5562B9905FA008CFD84 /* post_exploitation.c */ = {isa = PBXFileReference; lastKnownFileType = sourcecode.c.c; path = post_exploitation.c; sourceTree = "<group>"; };
		3183E5582B990705008CFD84 /* post_exploitation.h */ = {isa = PBXFileReference; lastKnownFileType = sourcecode.c.h; path = post_exploitation.h; sourceTree = "<group>"; };
		3190C3952BA254D3005D4EAB /* libxpf.dylib */ = {isa = PBXFileReference; lastKnownFileType = "compiled.mach-o.dylib"; path = libxpf.dylib; sourceTree = "<group>"; };
		3190C39A2BA25589005D4EAB /* common.h */ = {isa = PBXFileReference; lastKnownFileType = sourcecode.c.h; path = common.h; sourceTree = "<group>"; };
		3190C39B2BA25589005D4EAB /* ppl.h */ = {isa = PBXFileReference; lastKnownFileType = sourcecode.c.h; path = ppl.h; sourceTree = "<group>"; };
		3190C39C2BA25589005D4EAB /* xpf.h */ = {isa = PBXFileReference; lastKnownFileType = sourcecode.c.h; path = xpf.h; sourceTree = "<group>"; };
		3190C39D2BA25589005D4EAB /* non_ppl.h */ = {isa = PBXFileReference; lastKnownFileType = sourcecode.c.h; path = non_ppl.h; sourceTree = "<group>"; };
		3190C39E2BA25589005D4EAB /* decompress.h */ = {isa = PBXFileReference; lastKnownFileType = sourcecode.c.h; path = decompress.h; sourceTree = "<group>"; };
		3190C3A02BA25610005D4EAB /* namecache.m */ = {isa = PBXFileReference; lastKnownFileType = sourcecode.c.objc; path = namecache.m; sourceTree = "<group>"; };
		3190C3A22BA2561B005D4EAB /* offsets.m */ = {isa = PBXFileReference; lastKnownFileType = sourcecode.c.objc; path = offsets.m; sourceTree = "<group>"; };
		3190C3A42BA25621005D4EAB /* offsets.h */ = {isa = PBXFileReference; lastKnownFileType = sourcecode.c.h; path = offsets.h; sourceTree = "<group>"; };
		3190C3A52BA258DA005D4EAB /* namecache.h */ = {isa = PBXFileReference; lastKnownFileType = sourcecode.c.h; path = namecache.h; sourceTree = "<group>"; };
		31BC0B0F2B95DB80000F404E /* vm_unaligned_copy_switch_race.c */ = {isa = PBXFileReference; fileEncoding = 4; lastKnownFileType = sourcecode.c.c; path = vm_unaligned_copy_switch_race.c; sourceTree = "<group>"; };
		31BC0B102B95DB80000F404E /* vm_unaligned_copy_switch_race.h */ = {isa = PBXFileReference; fileEncoding = 4; lastKnownFileType = sourcecode.c.h; path = vm_unaligned_copy_switch_race.h; sourceTree = "<group>"; };
		31BC0B112B95DB80000F404E /* helpers.h */ = {isa = PBXFileReference; fileEncoding = 4; lastKnownFileType = sourcecode.c.h; path = helpers.h; sourceTree = "<group>"; };
		31BC0B122B95DB80000F404E /* helpers.m */ = {isa = PBXFileReference; fileEncoding = 4; lastKnownFileType = sourcecode.c.objc; path = helpers.m; sourceTree = "<group>"; };
		31BC0B132B95DB80000F404E /* grant_full_disk_access.m */ = {isa = PBXFileReference; fileEncoding = 4; lastKnownFileType = sourcecode.c.objc; path = grant_full_disk_access.m; sourceTree = "<group>"; };
		31BC0B142B95DB80000F404E /* grant_full_disk_access.h */ = {isa = PBXFileReference; fileEncoding = 4; lastKnownFileType = sourcecode.c.h; path = grant_full_disk_access.h; sourceTree = "<group>"; };
		31BC0B182B95DE38000F404E /* Info.plist */ = {isa = PBXFileReference; lastKnownFileType = text.plist; path = Info.plist; sourceTree = "<group>"; };
		31C606C62BA789F20042815A /* find.m */ = {isa = PBXFileReference; lastKnownFileType = sourcecode.c.objc; path = find.m; sourceTree = "<group>"; };
		31D54FA12B9D110100C55FEC /* CoreTelephony.framework */ = {isa = PBXFileReference; lastKnownFileType = wrapper.framework; name = CoreTelephony.framework; path = System/Library/Frameworks/CoreTelephony.framework; sourceTree = SDKROOT; };
		31D54FA32B9D111000C55FEC /* MobileCoreServices.framework */ = {isa = PBXFileReference; lastKnownFileType = wrapper.framework; name = MobileCoreServices.framework; path = System/Library/Frameworks/MobileCoreServices.framework; sourceTree = SDKROOT; };
		31D54FA52B9D111A00C55FEC /* CoreServices.framework */ = {isa = PBXFileReference; lastKnownFileType = wrapper.framework; name = CoreServices.framework; path = System/Library/Frameworks/CoreServices.framework; sourceTree = SDKROOT; };
		31D54FAA2B9D144400C55FEC /* install.m */ = {isa = PBXFileReference; lastKnownFileType = sourcecode.c.objc; path = install.m; sourceTree = "<group>"; };
		31D54FAC2B9D167300C55FEC /* install.h */ = {isa = PBXFileReference; lastKnownFileType = sourcecode.c.h; path = install.h; sourceTree = "<group>"; };
		31D54FAD2B9D18F900C55FEC /* extract.swift */ = {isa = PBXFileReference; lastKnownFileType = sourcecode.swift; path = extract.swift; sourceTree = "<group>"; };
		31D54FAF2B9D1B7D00C55FEC /* TrollStore.tar */ = {isa = PBXFileReference; lastKnownFileType = archive.tar; path = TrollStore.tar; sourceTree = "<group>"; };
		31F44EA92B77A7A300F20B2A /* TrollInstallerX.app */ = {isa = PBXFileReference; explicitFileType = wrapper.application; includeInIndex = 0; path = TrollInstallerX.app; sourceTree = BUILT_PRODUCTS_DIR; };
		31F44EAC2B77A7A300F20B2A /* TrollInstallerXApp.swift */ = {isa = PBXFileReference; lastKnownFileType = sourcecode.swift; path = TrollInstallerXApp.swift; sourceTree = "<group>"; };
		31F44EB02B77A7A500F20B2A /* Assets.xcassets */ = {isa = PBXFileReference; lastKnownFileType = folder.assetcatalog; path = Assets.xcassets; sourceTree = "<group>"; };
		31F44EB32B77A7A500F20B2A /* Preview Assets.xcassets */ = {isa = PBXFileReference; lastKnownFileType = folder.assetcatalog; path = "Preview Assets.xcassets"; sourceTree = "<group>"; };
		31F794852B78DD2C008745C3 /* libcurl.tbd */ = {isa = PBXFileReference; lastKnownFileType = "sourcecode.text-based-dylib-definition"; name = libcurl.tbd; path = Platforms/MacOSX.platform/Developer/SDKs/MacOSX.sdk/usr/lib/libcurl.tbd; sourceTree = DEVELOPER_DIR; };
/* End PBXFileReference section */

/* Begin PBXFrameworksBuildPhase section */
		31F44EA62B77A7A300F20B2A /* Frameworks */ = {
			isa = PBXFrameworksBuildPhase;
			buildActionMask = 2147483647;
			files = (
				313059F12B9CC1CB00120A3B /* libarchive.tbd in Frameworks */,
				3190C3962BA254D3005D4EAB /* libxpf.dylib in Frameworks */,
				31792E772B77AF0000D3DE29 /* IOKit.framework in Frameworks */,
				3183E5542B9904DF008CFD84 /* libz.tbd in Frameworks */,
				315AB8902B7CD85C00DE2D4A /* libfragmentzip.a in Frameworks */,
				3183E5532B9902D2008CFD84 /* libgrabkernel2.a in Frameworks */,
				316D041D2B7F77A5001324BA /* SwiftfulLoadingIndicators in Frameworks */,
				315AB9022B7D101200DE2D4A /* libchoma.a in Frameworks */,
				315AB88F2B7CD85C00DE2D4A /* libcurl.a in Frameworks */,
			);
			runOnlyForDeploymentPostprocessing = 0;
		};
/* End PBXFrameworksBuildPhase section */

/* Begin PBXGroup section */
		313059B92B9CC0C500120A3B /* libjailbreak */ = {
			isa = PBXGroup;
			children = (
				313059F62B9CC21E00120A3B /* include */,
				313059BA2B9CC0C900120A3B /* src */,
			);
			path = libjailbreak;
			sourceTree = "<group>";
		};
		313059BA2B9CC0C900120A3B /* src */ = {
			isa = PBXGroup;
			children = (
				313059D32B9CC0E100120A3B /* info.c */,
				313059C32B9CC0E100120A3B /* jbclient_xpc.c */,
				313059C82B9CC0E100120A3B /* jbserver.c */,
				313059C52B9CC0E100120A3B /* kalloc_pt.m */,
				313059C92B9CC0E100120A3B /* kernel.c */,
				313059BC2B9CC0E100120A3B /* physrw_pte.c */,
				313059D52B9CC0E100120A3B /* physrw.c */,
				313059C62B9CC0E100120A3B /* primitives_IOSurface.m */,
				313059DA2B9CC0E200120A3B /* primitives.c */,
				313059BD2B9CC0E100120A3B /* signatures.m */,
				313059CA2B9CC0E100120A3B /* translation.c */,
				313059D72B9CC0E200120A3B /* trustcache.c */,
				313059DB2B9CC0E200120A3B /* util.c */,
				313059CD2B9CC0E100120A3B /* util.m */,
			);
			path = src;
			sourceTree = "<group>";
		};
		313059ED2B9CC11700120A3B /* libarchive */ = {
			isa = PBXGroup;
			children = (
				313059EE2B9CC11700120A3B /* archive.h */,
				313059EF2B9CC11700120A3B /* archive_entry.h */,
			);
			path = libarchive;
			sourceTree = "<group>";
		};
		313059F22B9CC1DC00120A3B /* dmaFail */ = {
			isa = PBXGroup;
			children = (
				313059F32B9CC1F000120A3B /* dmaFail.c */,
				313059F42B9CC1F000120A3B /* dmaFail.h */,
			);
			path = dmaFail;
			sourceTree = "<group>";
		};
		313059F62B9CC21E00120A3B /* include */ = {
			isa = PBXGroup;
			children = (
				313059F72B9CC25100120A3B /* libjailbreak */,
			);
			path = include;
			sourceTree = "<group>";
		};
		313059F72B9CC25100120A3B /* libjailbreak */ = {
			isa = PBXGroup;
			children = (
				31305A412B9CE43000120A3B /* codesign.h */,
				313059C42B9CC0E100120A3B /* info.h */,
				313059D82B9CC0E200120A3B /* jbclient_xpc.h */,
				313059D92B9CC0E200120A3B /* jbserver.h */,
				313059CC2B9CC0E100120A3B /* kalloc_pt.h */,
				313059BF2B9CC0E100120A3B /* kernel.h */,
				313059BE2B9CC0E100120A3B /* machine_info.h */,
				313059BB2B9CC0E100120A3B /* physrw_pte.h */,
				313059C02B9CC0E100120A3B /* physrw.h */,
				313059C72B9CC0E100120A3B /* primitives_external.h */,
				313059CF2B9CC0E100120A3B /* primitives_IOSurface.h */,
				313059DC2B9CC0E200120A3B /* primitives.h */,
				313059CB2B9CC0E100120A3B /* pte.h */,
				313059CE2B9CC0E100120A3B /* pvh.h */,
				313059D62B9CC0E100120A3B /* signatures.h */,
				313059D02B9CC0E100120A3B /* translation.h */,
				313059D22B9CC0E100120A3B /* trustcache_structs.h */,
				313059D42B9CC0E100120A3B /* trustcache.h */,
				313059D12B9CC0E100120A3B /* util.h */,
			);
			path = libjailbreak;
			sourceTree = "<group>";
		};
		31305A232B9CC6ED00120A3B /* Exploit */ = {
			isa = PBXGroup;
			children = (
				31305A242B9CC6ED00120A3B /* libkfd */,
				31305A3B2B9CC6ED00120A3B /* libkfd.h */,
			);
			path = Exploit;
			sourceTree = "<group>";
		};
		31305A242B9CC6ED00120A3B /* libkfd */ = {
			isa = PBXGroup;
			children = (
				31305A252B9CC6ED00120A3B /* krkw.h */,
				31305A262B9CC6ED00120A3B /* krkw */,
				31305A302B9CC6ED00120A3B /* info */,
				31305A332B9CC6ED00120A3B /* puaf.h */,
				31305A342B9CC6ED00120A3B /* common.h */,
				31305A352B9CC6ED00120A3B /* puaf */,
				31305A392B9CC6ED00120A3B /* perf.h */,
				31305A3A2B9CC6ED00120A3B /* info.h */,
			);
			path = libkfd;
			sourceTree = "<group>";
		};
		31305A262B9CC6ED00120A3B /* krkw */ = {
			isa = PBXGroup;
			children = (
				31305A272B9CC6ED00120A3B /* kread */,
				31305A2B2B9CC6ED00120A3B /* IOSurface_shared.h */,
				31305A2C2B9CC6ED00120A3B /* kwrite */,
			);
			path = krkw;
			sourceTree = "<group>";
		};
		31305A272B9CC6ED00120A3B /* kread */ = {
			isa = PBXGroup;
			children = (
				31305A282B9CC6ED00120A3B /* kread_sem_open.h */,
				31305A292B9CC6ED00120A3B /* kread_IOSurface.h */,
				31305A2A2B9CC6ED00120A3B /* kread_kqueue_workloop_ctl.h */,
			);
			path = kread;
			sourceTree = "<group>";
		};
		31305A2C2B9CC6ED00120A3B /* kwrite */ = {
			isa = PBXGroup;
			children = (
				31305A2D2B9CC6ED00120A3B /* kwrite_IOSurface.h */,
				31305A2E2B9CC6ED00120A3B /* kwrite_sem_open.h */,
				31305A2F2B9CC6ED00120A3B /* kwrite_dup.h */,
			);
			path = kwrite;
			sourceTree = "<group>";
		};
		31305A302B9CC6ED00120A3B /* info */ = {
			isa = PBXGroup;
			children = (
				31305A312B9CC6ED00120A3B /* static_info.h */,
				31305A322B9CC6ED00120A3B /* dynamic_info.h */,
			);
			path = info;
			sourceTree = "<group>";
		};
		31305A352B9CC6ED00120A3B /* puaf */ = {
			isa = PBXGroup;
			children = (
				31305A362B9CC6ED00120A3B /* smith.h */,
				31305A372B9CC6ED00120A3B /* physpuppet.h */,
				31305A382B9CC6ED00120A3B /* landa.h */,
			);
			path = puaf;
			sourceTree = "<group>";
		};
		315AB8862B7CD7F800DE2D4A /* _external */ = {
			isa = PBXGroup;
			children = (
				315AB88C2B7CD85500DE2D4A /* lib */,
				315AB8872B7CD7FF00DE2D4A /* include */,
			);
			path = _external;
			sourceTree = "<group>";
		};
		315AB8872B7CD7FF00DE2D4A /* include */ = {
			isa = PBXGroup;
			children = (
				3190C3992BA25575005D4EAB /* xpf */,
				313059ED2B9CC11700120A3B /* libarchive */,
				3183E5402B98FC1A008CFD84 /* libgrabkernel2 */,
				315AB9002B7D100400DE2D4A /* launch.h */,
				315AB8E32B7D0FFB00DE2D4A /* choma */,
				315AB8F32B7D0FFB00DE2D4A /* xpc */,
				315AB8B52B7CDCA800DE2D4A /* curl */,
				315AB8882B7CD80300DE2D4A /* libfragmentzip */,
			);
			path = include;
			sourceTree = "<group>";
		};
		315AB8882B7CD80300DE2D4A /* libfragmentzip */ = {
			isa = PBXGroup;
			children = (
				315AB8892B7CD81100DE2D4A /* libfragmentzip.h */,
			);
			path = libfragmentzip;
			sourceTree = "<group>";
		};
		315AB88C2B7CD85500DE2D4A /* lib */ = {
			isa = PBXGroup;
			children = (
				3190C3952BA254D3005D4EAB /* libxpf.dylib */,
				3183E5522B9902D2008CFD84 /* libgrabkernel2.a */,
				315AB9012B7D101200DE2D4A /* libchoma.a */,
				315AB88D2B7CD85C00DE2D4A /* libcurl.a */,
				315AB88E2B7CD85C00DE2D4A /* libfragmentzip.a */,
			);
			path = lib;
			sourceTree = "<group>";
		};
		315AB8B52B7CDCA800DE2D4A /* curl */ = {
			isa = PBXGroup;
			children = (
				315AB8B62B7CDCA800DE2D4A /* header.h */,
				315AB8B72B7CDCA800DE2D4A /* options.h */,
				315AB8B82B7CDCA800DE2D4A /* mprintf.h */,
				315AB8B92B7CDCA800DE2D4A /* easy.h */,
				315AB8BA2B7CDCA800DE2D4A /* curl.h */,
				315AB8BB2B7CDCA800DE2D4A /* websockets.h */,
				315AB8BC2B7CDCA800DE2D4A /* curlver.h */,
				315AB8BD2B7CDCA800DE2D4A /* system.h */,
				315AB8BE2B7CDCA800DE2D4A /* typecheck-gcc.h */,
				315AB8BF2B7CDCA800DE2D4A /* multi.h */,
				315AB8C02B7CDCA800DE2D4A /* urlapi.h */,
			);
			path = curl;
			sourceTree = "<group>";
		};
		315AB8E32B7D0FFB00DE2D4A /* choma */ = {
			isa = PBXGroup;
			children = (
				315AB8E42B7D0FFB00DE2D4A /* MachOLoadCommand.h */,
				315AB8E52B7D0FFB00DE2D4A /* MemoryStream.h */,
				315AB8E62B7D0FFB00DE2D4A /* Base64.h */,
				315AB8E72B7D0FFB00DE2D4A /* Host.h */,
				315AB8E82B7D0FFB00DE2D4A /* PatchFinder_arm64.h */,
				315AB8E92B7D0FFB00DE2D4A /* CSBlob.h */,
				315AB8EA2B7D0FFB00DE2D4A /* FileStream.h */,
				315AB8EB2B7D0FFB00DE2D4A /* arm64.h */,
				315AB8EC2B7D0FFB00DE2D4A /* Util.h */,
				315AB8ED2B7D0FFB00DE2D4A /* MachO.h */,
				315AB8EE2B7D0FFB00DE2D4A /* MachOByteOrder.h */,
				315AB8EF2B7D0FFB00DE2D4A /* CodeDirectory.h */,
				315AB8F02B7D0FFB00DE2D4A /* FAT.h */,
				315AB8F12B7D0FFB00DE2D4A /* BufferedStream.h */,
				315AB8F22B7D0FFB00DE2D4A /* PatchFinder.h */,
			);
			path = choma;
			sourceTree = "<group>";
		};
		315AB8F32B7D0FFB00DE2D4A /* xpc */ = {
			isa = PBXGroup;
			children = (
				31305A1A2B9CC64C00120A3B /* activity.h */,
				31305A182B9CC64C00120A3B /* availability.h */,
				31305A1C2B9CC64C00120A3B /* base.h */,
				31305A152B9CC64C00120A3B /* connection.h */,
				31305A1B2B9CC64C00120A3B /* debug.h */,
				31305A142B9CC64C00120A3B /* endpoint.h */,
				31305A162B9CC64C00120A3B /* module.modulemap */,
				31305A1E2B9CC64C00120A3B /* private.h */,
				31305A1D2B9CC64C00120A3B /* rich_error.h */,
				31305A1F2B9CC64C00120A3B /* session.h */,
				31305A192B9CC64C00120A3B /* XPC.apinotes */,
				31305A172B9CC64C00120A3B /* xpc.h */,
			);
			path = xpc;
			sourceTree = "<group>";
		};
		315AB9032B7D102400DE2D4A /* patchfinder */ = {
			isa = PBXGroup;
			children = (
				315AB9042B7D103000DE2D4A /* patchfind.h */,
				315AB9052B7D103000DE2D4A /* patchfind.c */,
			);
			path = patchfinder;
			sourceTree = "<group>";
		};
		316D043C2B7F8188001324BA /* UI */ = {
			isa = PBXGroup;
			children = (
				316D043D2B7F8188001324BA /* Classes */,
				316D043F2B7F8188001324BA /* Extensions */,
				316D04432B7F8188001324BA /* Views */,
			);
			path = UI;
			sourceTree = "<group>";
		};
		316D043D2B7F8188001324BA /* Classes */ = {
			isa = PBXGroup;
			children = (
				316D043E2B7F8188001324BA /* Logger.swift */,
			);
			path = Classes;
			sourceTree = "<group>";
		};
		316D043F2B7F8188001324BA /* Extensions */ = {
			isa = PBXGroup;
			children = (
				316D04402B7F8188001324BA /* Error++.swift */,
				31305A3F2B9CDE5E00120A3B /* Color++.swift */,
			);
			path = Extensions;
			sourceTree = "<group>";
		};
		316D04432B7F8188001324BA /* Views */ = {
			isa = PBXGroup;
			children = (
				316D04442B7F8188001324BA /* AboutView.swift */,
				316D04452B7F8188001324BA /* InstallerView.swift */,
				316D04462B7F8188001324BA /* SettingsView.swift */,
				316D04472B7F8188001324BA /* MaterialView.swift */,
				316D04492B7F8188001324BA /* LogView.swift */,
				316D044A2B7F8188001324BA /* PopupView.swift */,
			);
			path = Views;
			sourceTree = "<group>";
		};
		31792E752B77AF0000D3DE29 /* Frameworks */ = {
			isa = PBXGroup;
			children = (
				31D54FA52B9D111A00C55FEC /* CoreServices.framework */,
				31D54FA32B9D111000C55FEC /* MobileCoreServices.framework */,
				31D54FA12B9D110100C55FEC /* CoreTelephony.framework */,
				313059EC2B9CC10000120A3B /* libarchive.tbd */,
				315AB88B2B7CD84900DE2D4A /* libcurl.a */,
				315AB88A2B7CD84900DE2D4A /* libfragmentzip.a */,
				31F794852B78DD2C008745C3 /* libcurl.tbd */,
				31792E992B77B93500D3DE29 /* libz.tbd */,
				31792E972B77B91700D3DE29 /* libMobileGestalt.tbd */,
				31792E762B77AF0000D3DE29 /* IOKit.framework */,
			);
			name = Frameworks;
			sourceTree = "<group>";
		};
		3183E5402B98FC1A008CFD84 /* libgrabkernel2 */ = {
			isa = PBXGroup;
			children = (
				3183E5412B98FC1A008CFD84 /* libgrabkernel2.h */,
			);
			path = libgrabkernel2;
			sourceTree = "<group>";
		};
		3183E5552B9905ED008CFD84 /* Post-exploitation */ = {
			isa = PBXGroup;
			children = (
				3183E5562B9905FA008CFD84 /* post_exploitation.c */,
				3183E5582B990705008CFD84 /* post_exploitation.h */,
			);
			path = "Post-exploitation";
			sourceTree = "<group>";
		};
		3190C3992BA25575005D4EAB /* xpf */ = {
			isa = PBXGroup;
			children = (
				3190C39A2BA25589005D4EAB /* common.h */,
				3190C39E2BA25589005D4EAB /* decompress.h */,
				3190C39D2BA25589005D4EAB /* non_ppl.h */,
				3190C39B2BA25589005D4EAB /* ppl.h */,
				3190C39C2BA25589005D4EAB /* xpf.h */,
			);
			path = xpf;
			sourceTree = "<group>";
		};
		3190C39F2BA255F5005D4EAB /* Namecache */ = {
			isa = PBXGroup;
			children = (
				3190C3A02BA25610005D4EAB /* namecache.m */,
				3190C3A52BA258DA005D4EAB /* namecache.h */,
				3190C3A22BA2561B005D4EAB /* offsets.m */,
				3190C3A42BA25621005D4EAB /* offsets.h */,
			);
			path = Namecache;
			sourceTree = "<group>";
		};
		31BC0B0C2B95DA29000F404E /* kfd */ = {
			isa = PBXGroup;
			children = (
				31305A232B9CC6ED00120A3B /* Exploit */,
				31305A212B9CC6ED00120A3B /* kfd.h */,
				31305A222B9CC6ED00120A3B /* kfd.m */,
			);
			path = kfd;
			sourceTree = "<group>";
		};
		31BC0B0E2B95DA37000F404E /* MacDirtyCow */ = {
			isa = PBXGroup;
			children = (
				31BC0B142B95DB80000F404E /* grant_full_disk_access.h */,
				31BC0B132B95DB80000F404E /* grant_full_disk_access.m */,
				31BC0B112B95DB80000F404E /* helpers.h */,
				31BC0B122B95DB80000F404E /* helpers.m */,
				31BC0B0F2B95DB80000F404E /* vm_unaligned_copy_switch_race.c */,
				31BC0B102B95DB80000F404E /* vm_unaligned_copy_switch_race.h */,
			);
			path = MacDirtyCow;
			sourceTree = "<group>";
		};
		31D54F9C2B9D10DC00C55FEC /* TrollStore */ = {
			isa = PBXGroup;
			children = (
				31D54FAA2B9D144400C55FEC /* install.m */,
				31D54FAC2B9D167300C55FEC /* install.h */,
				31D54FAD2B9D18F900C55FEC /* extract.swift */,
				31C606C62BA789F20042815A /* find.m */,
			);
			path = TrollStore;
			sourceTree = "<group>";
		};
		31D54FA92B9D13C400C55FEC /* Resources */ = {
			isa = PBXGroup;
			children = (
				31D54FAF2B9D1B7D00C55FEC /* TrollStore.tar */,
			);
			path = Resources;
			sourceTree = "<group>";
		};
		31F44EA02B77A7A300F20B2A = {
			isa = PBXGroup;
			children = (
				31F44EAB2B77A7A300F20B2A /* TrollInstallerX */,
				31F44EAA2B77A7A300F20B2A /* Products */,
				31792E752B77AF0000D3DE29 /* Frameworks */,
			);
			sourceTree = "<group>";
		};
		31F44EAA2B77A7A300F20B2A /* Products */ = {
			isa = PBXGroup;
			children = (
				31F44EA92B77A7A300F20B2A /* TrollInstallerX.app */,
			);
			name = Products;
			sourceTree = "<group>";
		};
		31F44EAB2B77A7A300F20B2A /* TrollInstallerX */ = {
			isa = PBXGroup;
			children = (
				3190C39F2BA255F5005D4EAB /* Namecache */,
				31D54FA92B9D13C400C55FEC /* Resources */,
				31D54F9C2B9D10DC00C55FEC /* TrollStore */,
				313059F22B9CC1DC00120A3B /* dmaFail */,
				313059B92B9CC0C500120A3B /* libjailbreak */,
				3183E5552B9905ED008CFD84 /* Post-exploitation */,
				31BC0B182B95DE38000F404E /* Info.plist */,
				31BC0B0E2B95DA37000F404E /* MacDirtyCow */,
				31BC0B0C2B95DA29000F404E /* kfd */,
				316D043C2B7F8188001324BA /* UI */,
				315AB9032B7D102400DE2D4A /* patchfinder */,
				315AB8862B7CD7F800DE2D4A /* _external */,
				31F44EAC2B77A7A300F20B2A /* TrollInstallerXApp.swift */,
				31F44EB02B77A7A500F20B2A /* Assets.xcassets */,
				31F44EB22B77A7A500F20B2A /* Preview Content */,
				31792E7B2B77B00000D3DE29 /* TrollInstallerX-Bridging-Header.h */,
			);
			path = TrollInstallerX;
			sourceTree = "<group>";
		};
		31F44EB22B77A7A500F20B2A /* Preview Content */ = {
			isa = PBXGroup;
			children = (
				31F44EB32B77A7A500F20B2A /* Preview Assets.xcassets */,
			);
			path = "Preview Content";
			sourceTree = "<group>";
		};
/* End PBXGroup section */

/* Begin PBXNativeTarget section */
		31F44EA82B77A7A300F20B2A /* TrollInstallerX */ = {
			isa = PBXNativeTarget;
			buildConfigurationList = 31F44EB72B77A7A500F20B2A /* Build configuration list for PBXNativeTarget "TrollInstallerX" */;
			buildPhases = (
				31F44EA52B77A7A300F20B2A /* Sources */,
				31F44EA62B77A7A300F20B2A /* Frameworks */,
				31F44EA72B77A7A300F20B2A /* Resources */,
				316B390B2B7D12CD00196729 /* Copy Files */,
			);
			buildRules = (
			);
			dependencies = (
			);
			name = TrollInstallerX;
			packageProductDependencies = (
				316D041C2B7F77A5001324BA /* SwiftfulLoadingIndicators */,
			);
			productName = TrollInstallerX;
			productReference = 31F44EA92B77A7A300F20B2A /* TrollInstallerX.app */;
			productType = "com.apple.product-type.application";
		};
/* End PBXNativeTarget section */

/* Begin PBXProject section */
		31F44EA12B77A7A300F20B2A /* Project object */ = {
			isa = PBXProject;
			attributes = {
				BuildIndependentTargetsInParallel = 1;
				LastSwiftUpdateCheck = 1520;
				LastUpgradeCheck = 1520;
				TargetAttributes = {
					31F44EA82B77A7A300F20B2A = {
						CreatedOnToolsVersion = 15.2;
					};
				};
			};
			buildConfigurationList = 31F44EA42B77A7A300F20B2A /* Build configuration list for PBXProject "TrollInstallerX" */;
			compatibilityVersion = "Xcode 14.0";
			developmentRegion = en;
			hasScannedForEncodings = 0;
			knownRegions = (
				en,
				Base,
			);
			mainGroup = 31F44EA02B77A7A300F20B2A;
			packageReferences = (
				316D041B2B7F77A5001324BA /* XCRemoteSwiftPackageReference "SwiftfulLoadingIndicators" */,
			);
			productRefGroup = 31F44EAA2B77A7A300F20B2A /* Products */;
			projectDirPath = "";
			projectRoot = "";
			targets = (
				31F44EA82B77A7A300F20B2A /* TrollInstallerX */,
			);
		};
/* End PBXProject section */

/* Begin PBXResourcesBuildPhase section */
		31F44EA72B77A7A300F20B2A /* Resources */ = {
			isa = PBXResourcesBuildPhase;
			buildActionMask = 2147483647;
			files = (
				31F44EB42B77A7A500F20B2A /* Preview Assets.xcassets in Resources */,
				31D54FB02B9D1B7D00C55FEC /* TrollStore.tar in Resources */,
				31F44EB12B77A7A500F20B2A /* Assets.xcassets in Resources */,
				31305A202B9CC64C00120A3B /* XPC.apinotes in Resources */,
			);
			runOnlyForDeploymentPostprocessing = 0;
		};
/* End PBXResourcesBuildPhase section */

/* Begin PBXSourcesBuildPhase section */
		31F44EA52B77A7A300F20B2A /* Sources */ = {
			isa = PBXSourcesBuildPhase;
			buildActionMask = 2147483647;
			files = (
				316D04532B7F8189001324BA /* SettingsView.swift in Sources */,
				313059E22B9CC0E200120A3B /* primitives_IOSurface.m in Sources */,
				313059E92B9CC0E200120A3B /* trustcache.c in Sources */,
				31305A402B9CDE5E00120A3B /* Color++.swift in Sources */,
				313059E42B9CC0E200120A3B /* kernel.c in Sources */,
				3190C3A32BA2561B005D4EAB /* offsets.m in Sources */,
				31D54FAB2B9D144400C55FEC /* install.m in Sources */,
				316D04572B7F8189001324BA /* PopupView.swift in Sources */,
				313059EA2B9CC0E200120A3B /* primitives.c in Sources */,
				3183E5572B9905FA008CFD84 /* post_exploitation.c in Sources */,
				31C606C72BA789F20042815A /* find.m in Sources */,
				316D044E2B7F8189001324BA /* Error++.swift in Sources */,
				31F44EAD2B77A7A300F20B2A /* TrollInstallerXApp.swift in Sources */,
				313059E62B9CC0E200120A3B /* util.m in Sources */,
				313059F52B9CC1F000120A3B /* dmaFail.c in Sources */,
				316D04512B7F8189001324BA /* AboutView.swift in Sources */,
				313059DD2B9CC0E200120A3B /* physrw_pte.c in Sources */,
				313059E82B9CC0E200120A3B /* physrw.c in Sources */,
				316D04562B7F8189001324BA /* LogView.swift in Sources */,
				313059E12B9CC0E200120A3B /* kalloc_pt.m in Sources */,
				31D54FAE2B9D18F900C55FEC /* extract.swift in Sources */,
				313059E02B9CC0E200120A3B /* jbclient_xpc.c in Sources */,
				31BC0B162B95DB80000F404E /* helpers.m in Sources */,
				313059E72B9CC0E200120A3B /* info.c in Sources */,
				31BC0B172B95DB80000F404E /* grant_full_disk_access.m in Sources */,
				316D04542B7F8189001324BA /* MaterialView.swift in Sources */,
				313059EB2B9CC0E200120A3B /* util.c in Sources */,
				313059E32B9CC0E200120A3B /* jbserver.c in Sources */,
				316D044D2B7F8189001324BA /* Logger.swift in Sources */,
				313059DE2B9CC0E200120A3B /* signatures.m in Sources */,
				313059E52B9CC0E200120A3B /* translation.c in Sources */,
				315AB9062B7D103000DE2D4A /* patchfind.c in Sources */,
				31305A3C2B9CC6EE00120A3B /* kfd.m in Sources */,
				3190C3A12BA25610005D4EAB /* namecache.m in Sources */,
				316D04522B7F8189001324BA /* InstallerView.swift in Sources */,
				31BC0B152B95DB80000F404E /* vm_unaligned_copy_switch_race.c in Sources */,
			);
			runOnlyForDeploymentPostprocessing = 0;
		};
/* End PBXSourcesBuildPhase section */

/* Begin XCBuildConfiguration section */
		31F44EB52B77A7A500F20B2A /* Debug */ = {
			isa = XCBuildConfiguration;
			buildSettings = {
				ALWAYS_SEARCH_USER_PATHS = NO;
				ASSETCATALOG_COMPILER_GENERATE_SWIFT_ASSET_SYMBOL_EXTENSIONS = YES;
				CLANG_ANALYZER_NONNULL = YES;
				CLANG_ANALYZER_NUMBER_OBJECT_CONVERSION = YES_AGGRESSIVE;
				CLANG_CXX_LANGUAGE_STANDARD = "gnu++20";
				CLANG_ENABLE_MODULES = YES;
				CLANG_ENABLE_OBJC_ARC = YES;
				CLANG_ENABLE_OBJC_WEAK = YES;
				CLANG_WARN_BLOCK_CAPTURE_AUTORELEASING = YES;
				CLANG_WARN_BOOL_CONVERSION = YES;
				CLANG_WARN_COMMA = YES;
				CLANG_WARN_CONSTANT_CONVERSION = YES;
				CLANG_WARN_DEPRECATED_OBJC_IMPLEMENTATIONS = YES;
				CLANG_WARN_DIRECT_OBJC_ISA_USAGE = YES_ERROR;
				CLANG_WARN_DOCUMENTATION_COMMENTS = YES;
				CLANG_WARN_EMPTY_BODY = YES;
				CLANG_WARN_ENUM_CONVERSION = YES;
				CLANG_WARN_INFINITE_RECURSION = YES;
				CLANG_WARN_INT_CONVERSION = YES;
				CLANG_WARN_NON_LITERAL_NULL_CONVERSION = YES;
				CLANG_WARN_OBJC_IMPLICIT_RETAIN_SELF = YES;
				CLANG_WARN_OBJC_LITERAL_CONVERSION = YES;
				CLANG_WARN_OBJC_ROOT_CLASS = YES_ERROR;
				CLANG_WARN_QUOTED_INCLUDE_IN_FRAMEWORK_HEADER = YES;
				CLANG_WARN_RANGE_LOOP_ANALYSIS = YES;
				CLANG_WARN_STRICT_PROTOTYPES = YES;
				CLANG_WARN_SUSPICIOUS_MOVE = YES;
				CLANG_WARN_UNGUARDED_AVAILABILITY = YES_AGGRESSIVE;
				CLANG_WARN_UNREACHABLE_CODE = YES;
				CLANG_WARN__DUPLICATE_METHOD_MATCH = YES;
				COPY_PHASE_STRIP = NO;
				DEBUG_INFORMATION_FORMAT = dwarf;
				ENABLE_STRICT_OBJC_MSGSEND = YES;
				ENABLE_TESTABILITY = YES;
				ENABLE_USER_SCRIPT_SANDBOXING = YES;
				GCC_C_LANGUAGE_STANDARD = gnu17;
				GCC_DYNAMIC_NO_PIC = NO;
				GCC_NO_COMMON_BLOCKS = YES;
				GCC_OPTIMIZATION_LEVEL = 0;
				GCC_PREPROCESSOR_DEFINITIONS = (
					"DEBUG=1",
					"$(inherited)",
				);
				GCC_WARN_64_TO_32_BIT_CONVERSION = YES;
				GCC_WARN_ABOUT_RETURN_TYPE = YES_ERROR;
				GCC_WARN_UNDECLARED_SELECTOR = YES;
				GCC_WARN_UNINITIALIZED_AUTOS = YES_AGGRESSIVE;
				GCC_WARN_UNUSED_FUNCTION = YES;
				GCC_WARN_UNUSED_VARIABLE = YES;
				IPHONEOS_DEPLOYMENT_TARGET = 17.2;
				LOCALIZATION_PREFERS_STRING_CATALOGS = YES;
				MTL_ENABLE_DEBUG_INFO = INCLUDE_SOURCE;
				MTL_FAST_MATH = YES;
				ONLY_ACTIVE_ARCH = YES;
				SDKROOT = iphoneos;
				SWIFT_ACTIVE_COMPILATION_CONDITIONS = "DEBUG $(inherited)";
				SWIFT_OPTIMIZATION_LEVEL = "-Onone";
			};
			name = Debug;
		};
		31F44EB62B77A7A500F20B2A /* Release */ = {
			isa = XCBuildConfiguration;
			buildSettings = {
				ALWAYS_SEARCH_USER_PATHS = NO;
				ASSETCATALOG_COMPILER_GENERATE_SWIFT_ASSET_SYMBOL_EXTENSIONS = YES;
				CLANG_ANALYZER_NONNULL = YES;
				CLANG_ANALYZER_NUMBER_OBJECT_CONVERSION = YES_AGGRESSIVE;
				CLANG_CXX_LANGUAGE_STANDARD = "gnu++20";
				CLANG_ENABLE_MODULES = YES;
				CLANG_ENABLE_OBJC_ARC = YES;
				CLANG_ENABLE_OBJC_WEAK = YES;
				CLANG_WARN_BLOCK_CAPTURE_AUTORELEASING = YES;
				CLANG_WARN_BOOL_CONVERSION = YES;
				CLANG_WARN_COMMA = YES;
				CLANG_WARN_CONSTANT_CONVERSION = YES;
				CLANG_WARN_DEPRECATED_OBJC_IMPLEMENTATIONS = YES;
				CLANG_WARN_DIRECT_OBJC_ISA_USAGE = YES_ERROR;
				CLANG_WARN_DOCUMENTATION_COMMENTS = YES;
				CLANG_WARN_EMPTY_BODY = YES;
				CLANG_WARN_ENUM_CONVERSION = YES;
				CLANG_WARN_INFINITE_RECURSION = YES;
				CLANG_WARN_INT_CONVERSION = YES;
				CLANG_WARN_NON_LITERAL_NULL_CONVERSION = YES;
				CLANG_WARN_OBJC_IMPLICIT_RETAIN_SELF = YES;
				CLANG_WARN_OBJC_LITERAL_CONVERSION = YES;
				CLANG_WARN_OBJC_ROOT_CLASS = YES_ERROR;
				CLANG_WARN_QUOTED_INCLUDE_IN_FRAMEWORK_HEADER = YES;
				CLANG_WARN_RANGE_LOOP_ANALYSIS = YES;
				CLANG_WARN_STRICT_PROTOTYPES = YES;
				CLANG_WARN_SUSPICIOUS_MOVE = YES;
				CLANG_WARN_UNGUARDED_AVAILABILITY = YES_AGGRESSIVE;
				CLANG_WARN_UNREACHABLE_CODE = YES;
				CLANG_WARN__DUPLICATE_METHOD_MATCH = YES;
				COPY_PHASE_STRIP = NO;
				DEBUG_INFORMATION_FORMAT = "dwarf-with-dsym";
				ENABLE_NS_ASSERTIONS = NO;
				ENABLE_STRICT_OBJC_MSGSEND = YES;
				ENABLE_USER_SCRIPT_SANDBOXING = YES;
				GCC_C_LANGUAGE_STANDARD = gnu17;
				GCC_NO_COMMON_BLOCKS = YES;
				GCC_WARN_64_TO_32_BIT_CONVERSION = YES;
				GCC_WARN_ABOUT_RETURN_TYPE = YES_ERROR;
				GCC_WARN_UNDECLARED_SELECTOR = YES;
				GCC_WARN_UNINITIALIZED_AUTOS = YES_AGGRESSIVE;
				GCC_WARN_UNUSED_FUNCTION = YES;
				GCC_WARN_UNUSED_VARIABLE = YES;
				IPHONEOS_DEPLOYMENT_TARGET = 17.2;
				LOCALIZATION_PREFERS_STRING_CATALOGS = YES;
				MTL_ENABLE_DEBUG_INFO = NO;
				MTL_FAST_MATH = YES;
				SDKROOT = iphoneos;
				SWIFT_COMPILATION_MODE = wholemodule;
				VALIDATE_PRODUCT = YES;
			};
			name = Release;
		};
		31F44EB82B77A7A500F20B2A /* Debug */ = {
			isa = XCBuildConfiguration;
			buildSettings = {
				ASSETCATALOG_COMPILER_APPICON_NAME = AppIcon;
				ASSETCATALOG_COMPILER_GLOBAL_ACCENT_COLOR_NAME = AccentColor;
				CODE_SIGN_STYLE = Automatic;
				CURRENT_PROJECT_VERSION = 1;
				DEVELOPMENT_ASSET_PATHS = "\"TrollInstallerX/Preview Content\"";
				DEVELOPMENT_TEAM = 76V43E9CWT;
				ENABLE_PREVIEWS = YES;
				FRAMEWORK_SEARCH_PATHS = (
					"$(inherited)",
					"$(PROJECT_DIR)/TrollInstallerX/Frameworks",
				);
				GENERATE_INFOPLIST_FILE = YES;
				HEADER_SEARCH_PATHS = (
					TrollInstallerX/_external/include,
					TrollInstallerX/libjailbreak/include,
				);
				INFOPLIST_FILE = TrollInstallerX/Info.plist;
				INFOPLIST_KEY_UIApplicationSceneManifest_Generation = YES;
				INFOPLIST_KEY_UIApplicationSupportsIndirectInputEvents = YES;
				INFOPLIST_KEY_UILaunchScreen_Generation = YES;
				INFOPLIST_KEY_UISupportedInterfaceOrientations_iPad = "UIInterfaceOrientationPortrait UIInterfaceOrientationPortraitUpsideDown UIInterfaceOrientationLandscapeLeft UIInterfaceOrientationLandscapeRight";
				INFOPLIST_KEY_UISupportedInterfaceOrientations_iPhone = "UIInterfaceOrientationPortrait UIInterfaceOrientationLandscapeLeft UIInterfaceOrientationLandscapeRight";
				IPHONEOS_DEPLOYMENT_TARGET = 14.0;
				LD_RUNPATH_SEARCH_PATHS = (
					"$(inherited)",
					"@executable_path/Frameworks",
				);
				LIBRARY_SEARCH_PATHS = (
					"$(inherited)",
					"$(PROJECT_DIR)/TrollInstallerX/_external/lib",
				);
				MARKETING_VERSION = 1.0;
				PRODUCT_BUNDLE_IDENTIFIER = com.Alfie.TrollInstallerX;
				PRODUCT_NAME = "$(TARGET_NAME)";
				SWIFT_EMIT_LOC_STRINGS = YES;
				SWIFT_OBJC_BRIDGING_HEADER = "TrollInstallerX/TrollInstallerX-Bridging-Header.h";
				SWIFT_VERSION = 5.0;
				TARGETED_DEVICE_FAMILY = "1,2";
			};
			name = Debug;
		};
		31F44EB92B77A7A500F20B2A /* Release */ = {
			isa = XCBuildConfiguration;
			buildSettings = {
				ASSETCATALOG_COMPILER_APPICON_NAME = AppIcon;
				ASSETCATALOG_COMPILER_GLOBAL_ACCENT_COLOR_NAME = AccentColor;
				CODE_SIGN_STYLE = Automatic;
				CURRENT_PROJECT_VERSION = 1;
				DEVELOPMENT_ASSET_PATHS = "\"TrollInstallerX/Preview Content\"";
				DEVELOPMENT_TEAM = 76V43E9CWT;
				ENABLE_PREVIEWS = YES;
				FRAMEWORK_SEARCH_PATHS = (
					"$(inherited)",
					"$(PROJECT_DIR)/TrollInstallerX/Frameworks",
				);
				GENERATE_INFOPLIST_FILE = YES;
				HEADER_SEARCH_PATHS = (
					TrollInstallerX/_external/include,
					TrollInstallerX/libjailbreak/include,
				);
				INFOPLIST_FILE = TrollInstallerX/Info.plist;
				INFOPLIST_KEY_UIApplicationSceneManifest_Generation = YES;
				INFOPLIST_KEY_UIApplicationSupportsIndirectInputEvents = YES;
				INFOPLIST_KEY_UILaunchScreen_Generation = YES;
				INFOPLIST_KEY_UISupportedInterfaceOrientations_iPad = "UIInterfaceOrientationPortrait UIInterfaceOrientationPortraitUpsideDown UIInterfaceOrientationLandscapeLeft UIInterfaceOrientationLandscapeRight";
				INFOPLIST_KEY_UISupportedInterfaceOrientations_iPhone = "UIInterfaceOrientationPortrait UIInterfaceOrientationLandscapeLeft UIInterfaceOrientationLandscapeRight";
				IPHONEOS_DEPLOYMENT_TARGET = 14.0;
				LD_RUNPATH_SEARCH_PATHS = (
					"$(inherited)",
					"@executable_path/Frameworks",
				);
				LIBRARY_SEARCH_PATHS = (
					"$(inherited)",
					"$(PROJECT_DIR)/TrollInstallerX/_external/lib",
				);
				MARKETING_VERSION = 1.0;
				PRODUCT_BUNDLE_IDENTIFIER = com.Alfie.TrollInstallerX;
				PRODUCT_NAME = "$(TARGET_NAME)";
				SWIFT_EMIT_LOC_STRINGS = YES;
				SWIFT_OBJC_BRIDGING_HEADER = "TrollInstallerX/TrollInstallerX-Bridging-Header.h";
				SWIFT_VERSION = 5.0;
				TARGETED_DEVICE_FAMILY = "1,2";
			};
			name = Release;
		};
/* End XCBuildConfiguration section */

/* Begin XCConfigurationList section */
		31F44EA42B77A7A300F20B2A /* Build configuration list for PBXProject "TrollInstallerX" */ = {
			isa = XCConfigurationList;
			buildConfigurations = (
				31F44EB52B77A7A500F20B2A /* Debug */,
				31F44EB62B77A7A500F20B2A /* Release */,
			);
			defaultConfigurationIsVisible = 0;
			defaultConfigurationName = Release;
		};
		31F44EB72B77A7A500F20B2A /* Build configuration list for PBXNativeTarget "TrollInstallerX" */ = {
			isa = XCConfigurationList;
			buildConfigurations = (
				31F44EB82B77A7A500F20B2A /* Debug */,
				31F44EB92B77A7A500F20B2A /* Release */,
			);
			defaultConfigurationIsVisible = 0;
			defaultConfigurationName = Release;
		};
/* End XCConfigurationList section */

/* Begin XCRemoteSwiftPackageReference section */
		316D041B2B7F77A5001324BA /* XCRemoteSwiftPackageReference "SwiftfulLoadingIndicators" */ = {
			isa = XCRemoteSwiftPackageReference;
			repositoryURL = "https://github.com/SwiftfulThinking/SwiftfulLoadingIndicators";
			requirement = {
				kind = upToNextMajorVersion;
				minimumVersion = 0.0.4;
			};
		};
/* End XCRemoteSwiftPackageReference section */

/* Begin XCSwiftPackageProductDependency section */
		316D041C2B7F77A5001324BA /* SwiftfulLoadingIndicators */ = {
			isa = XCSwiftPackageProductDependency;
			package = 316D041B2B7F77A5001324BA /* XCRemoteSwiftPackageReference "SwiftfulLoadingIndicators" */;
			productName = SwiftfulLoadingIndicators;
		};
/* End XCSwiftPackageProductDependency section */
	};
	rootObject = 31F44EA12B77A7A300F20B2A /* Project object */;
}
