// !$*UTF8*$!
{
	archiveVersion = 1;
	classes = {
	};
	objectVersion = 56;
	objects = {

/* Begin PBXBuildFile section */
		31083CCE2BBAE668006286CE /* vnode.m in Sources */ = {isa = PBXBuildFile; fileRef = 31083CCD2BBAE668006286CE /* vnode.m */; };
		3166612D2BAD8465009D22D8 /* TrollInstallerXApp.swift in Sources */ = {isa = PBXBuildFile; fileRef = 3166612C2BAD8465009D22D8 /* TrollInstallerXApp.swift */; };
		316661312BAD8466009D22D8 /* Assets.xcassets in Resources */ = {isa = PBXBuildFile; fileRef = 316661302BAD8466009D22D8 /* Assets.xcassets */; };
		316661342BAD8466009D22D8 /* Preview Assets.xcassets in Resources */ = {isa = PBXBuildFile; fileRef = 316661332BAD8466009D22D8 /* Preview Assets.xcassets */; };
		3166613D2BAD849C009D22D8 /* Color++.swift in Sources */ = {isa = PBXBuildFile; fileRef = 3166613C2BAD849C009D22D8 /* Color++.swift */; };
		316661402BAD862C009D22D8 /* Device.swift in Sources */ = {isa = PBXBuildFile; fileRef = 3166613F2BAD862C009D22D8 /* Device.swift */; };
		316661422BAD86AE009D22D8 /* Exploit.swift in Sources */ = {isa = PBXBuildFile; fileRef = 316661412BAD86AE009D22D8 /* Exploit.swift */; };
		316661442BAD889C009D22D8 /* Version.swift in Sources */ = {isa = PBXBuildFile; fileRef = 316661432BAD889C009D22D8 /* Version.swift */; };
		316661542BAD8BB8009D22D8 /* helpers.m in Sources */ = {isa = PBXBuildFile; fileRef = 3166614D2BAD8BB8009D22D8 /* helpers.m */; };
		316661552BAD8BB8009D22D8 /* kernel_find.m in Sources */ = {isa = PBXBuildFile; fileRef = 3166614E2BAD8BB8009D22D8 /* kernel_find.m */; };
		316661562BAD8BB8009D22D8 /* grant_full_disk_access.m in Sources */ = {isa = PBXBuildFile; fileRef = 316661502BAD8BB8009D22D8 /* grant_full_disk_access.m */; };
		316661572BAD8BB8009D22D8 /* vm_unaligned_copy_switch_race.c in Sources */ = {isa = PBXBuildFile; fileRef = 316661532BAD8BB8009D22D8 /* vm_unaligned_copy_switch_race.c */; };
		3166616D2BAD916A009D22D8 /* dmaFail.c in Sources */ = {isa = PBXBuildFile; fileRef = 3166616C2BAD916A009D22D8 /* dmaFail.c */; };
		316661942BAD918E009D22D8 /* physrw_pte.c in Sources */ = {isa = PBXBuildFile; fileRef = 316661862BAD918E009D22D8 /* physrw_pte.c */; };
		316661952BAD918E009D22D8 /* kernel.c in Sources */ = {isa = PBXBuildFile; fileRef = 316661872BAD918E009D22D8 /* kernel.c */; };
		316661962BAD918E009D22D8 /* util.c in Sources */ = {isa = PBXBuildFile; fileRef = 316661882BAD918E009D22D8 /* util.c */; };
		316661972BAD918E009D22D8 /* util.m in Sources */ = {isa = PBXBuildFile; fileRef = 316661892BAD918E009D22D8 /* util.m */; };
		316661992BAD918E009D22D8 /* info.c in Sources */ = {isa = PBXBuildFile; fileRef = 3166618B2BAD918E009D22D8 /* info.c */; };
		3166619A2BAD918E009D22D8 /* primitives_IOSurface.m in Sources */ = {isa = PBXBuildFile; fileRef = 3166618C2BAD918E009D22D8 /* primitives_IOSurface.m */; };
		3166619B2BAD918E009D22D8 /* primitives.c in Sources */ = {isa = PBXBuildFile; fileRef = 3166618D2BAD918E009D22D8 /* primitives.c */; };
		3166619D2BAD918E009D22D8 /* kalloc_pt.m in Sources */ = {isa = PBXBuildFile; fileRef = 3166618F2BAD918E009D22D8 /* kalloc_pt.m */; };
		3166619E2BAD918E009D22D8 /* physrw.c in Sources */ = {isa = PBXBuildFile; fileRef = 316661902BAD918E009D22D8 /* physrw.c */; };
		316661A02BAD918E009D22D8 /* translation.c in Sources */ = {isa = PBXBuildFile; fileRef = 316661922BAD918E009D22D8 /* translation.c */; };
		316661B32BAD91ED009D22D8 /* libchoma.a in Frameworks */ = {isa = PBXBuildFile; fileRef = 316661B22BAD91ED009D22D8 /* libchoma.a */; };
		316661D42BAD9221009D22D8 /* libxpf.dylib in Frameworks */ = {isa = PBXBuildFile; fileRef = 316661D02BAD9221009D22D8 /* libxpf.dylib */; };
		316661D72BAD93AB009D22D8 /* libarchive.tbd in Frameworks */ = {isa = PBXBuildFile; fileRef = 316661D62BAD939E009D22D8 /* libarchive.tbd */; };
		3199C2262BB78AED00A196E9 /* InstalledApp.swift in Sources */ = {isa = PBXBuildFile; fileRef = 3199C2252BB78AED00A196E9 /* InstalledApp.swift */; };
		319C8F7D2BB89CC900E19B34 /* Update.swift in Sources */ = {isa = PBXBuildFile; fileRef = 319C8F7C2BB89CC900E19B34 /* Update.swift */; };
		319C8F852BB8A50600E19B34 /* update.m in Sources */ = {isa = PBXBuildFile; fileRef = 319C8F842BB8A50600E19B34 /* update.m */; };
		319C8F8C2BB8AFBE00E19B34 /* TrollStore.tar in Resources */ = {isa = PBXBuildFile; fileRef = 319C8F8B2BB8AFBE00E19B34 /* TrollStore.tar */; };
		319C8F8E2BB8BAD200E19B34 /* PersistenceHelperView.swift in Sources */ = {isa = PBXBuildFile; fileRef = 319C8F8D2BB8BAD200E19B34 /* PersistenceHelperView.swift */; };
		319CE2992BB31A8500189EDE /* CreditsView.swift in Sources */ = {isa = PBXBuildFile; fileRef = 319CE2982BB31A8500189EDE /* CreditsView.swift */; };
		319CE29B2BB31ABB00189EDE /* SettingsView.swift in Sources */ = {isa = PBXBuildFile; fileRef = 319CE29A2BB31ABB00189EDE /* SettingsView.swift */; };
		319CE29D2BB31ED400189EDE /* UnsandboxView.swift in Sources */ = {isa = PBXBuildFile; fileRef = 319CE29C2BB31ED400189EDE /* UnsandboxView.swift */; };
		319CE29F2BB31F7300189EDE /* TrollHelperOTAView.swift in Sources */ = {isa = PBXBuildFile; fileRef = 319CE29E2BB31F7300189EDE /* TrollHelperOTAView.swift */; };
		31A6FFF52BB9EA30008F69F8 /* Defaults.swift in Sources */ = {isa = PBXBuildFile; fileRef = 31A6FFF42BB9EA30008F69F8 /* Defaults.swift */; };
		31ABE97D2BAD953F003C35E0 /* escalate.c in Sources */ = {isa = PBXBuildFile; fileRef = 31ABE97C2BAD953F003C35E0 /* escalate.c */; };
		31ABE9812BAD9821003C35E0 /* libxpf.dylib in CopyFiles */ = {isa = PBXBuildFile; fileRef = 316661D02BAD9221009D22D8 /* libxpf.dylib */; settings = {ATTRIBUTES = (CodeSignOnCopy, ); }; };
		31ABE9832BAD997C003C35E0 /* MainView.swift in Sources */ = {isa = PBXBuildFile; fileRef = 31ABE9822BAD997C003C35E0 /* MainView.swift */; };
		31BA7FF62BAF0CB00061DC7A /* PopupView.swift in Sources */ = {isa = PBXBuildFile; fileRef = 31BA7FF52BAF0CB00061DC7A /* PopupView.swift */; };
		31D334332C9367A9003050AB /* libgrabkernel2.a in Frameworks */ = {isa = PBXBuildFile; fileRef = 31D334322C9367A9003050AB /* libgrabkernel2.a */; };
		31F859CA2BADEC6E00A74022 /* LogView.swift in Sources */ = {isa = PBXBuildFile; fileRef = 31F859C92BADEC6E00A74022 /* LogView.swift */; };
		31F859CC2BADEC8E00A74022 /* Logger.swift in Sources */ = {isa = PBXBuildFile; fileRef = 31F859CB2BADEC8E00A74022 /* Logger.swift */; };
		31F859CE2BADFA0600A74022 /* MenuView.swift in Sources */ = {isa = PBXBuildFile; fileRef = 31F859CD2BADFA0600A74022 /* MenuView.swift */; };
		31F859EA2BAE008200A74022 /* kfd.m in Sources */ = {isa = PBXBuildFile; fileRef = 31F859E92BAE008200A74022 /* kfd.m */; };
		31F859EC2BAE00A000A74022 /* IOKit.framework in Frameworks */ = {isa = PBXBuildFile; fileRef = 31F859EB2BAE00A000A74022 /* IOKit.framework */; };
		31F859EE2BAE022C00A74022 /* Installation.swift in Sources */ = {isa = PBXBuildFile; fileRef = 31F859ED2BAE022C00A74022 /* Installation.swift */; };
		31F859F12BAE035E00A74022 /* libz.tbd in Frameworks */ = {isa = PBXBuildFile; fileRef = 31F859F02BAE035900A74022 /* libz.tbd */; };
		31F859F42BAE037600A74022 /* patchfind.c in Sources */ = {isa = PBXBuildFile; fileRef = 31F859F32BAE037600A74022 /* patchfind.c */; };
		31F859FB2BAE108000A74022 /* remount.m in Sources */ = {isa = PBXBuildFile; fileRef = 31F859FA2BAE108000A74022 /* remount.m */; };
		31F859FE2BAE119200A74022 /* Extract.swift in Sources */ = {isa = PBXBuildFile; fileRef = 31F859FD2BAE119200A74022 /* Extract.swift */; };
		31F85A002BAE123B00A74022 /* install.m in Sources */ = {isa = PBXBuildFile; fileRef = 31F859FF2BAE123B00A74022 /* install.m */; };
		31F85A022BAE126800A74022 /* run.m in Sources */ = {isa = PBXBuildFile; fileRef = 31F85A012BAE126800A74022 /* run.m */; };
		511A788B2BBE0A8700D262F9 /* libpartial.a in Frameworks */ = {isa = PBXBuildFile; fileRef = 511A788A2BBE0A8700D262F9 /* libpartial.a */; };
/* End PBXBuildFile section */

/* Begin PBXCopyFilesBuildPhase section */
		31ABE9802BAD981C003C35E0 /* CopyFiles */ = {
			isa = PBXCopyFilesBuildPhase;
			buildActionMask = 2147483647;
			dstPath = "";
			dstSubfolderSpec = 7;
			files = (
				31ABE9812BAD9821003C35E0 /* libxpf.dylib in CopyFiles */,
			);
			runOnlyForDeploymentPostprocessing = 0;
		};
/* End PBXCopyFilesBuildPhase section */

/* Begin PBXFileReference section */
		31083CCD2BBAE668006286CE /* vnode.m */ = {isa = PBXFileReference; lastKnownFileType = sourcecode.c.objc; path = vnode.m; sourceTree = "<group>"; };
		31083CCF2BBAE670006286CE /* vnode.h */ = {isa = PBXFileReference; lastKnownFileType = sourcecode.c.h; path = vnode.h; sourceTree = "<group>"; };
		316661292BAD8465009D22D8 /* TrollInstallerX.app */ = {isa = PBXFileReference; explicitFileType = wrapper.application; includeInIndex = 0; path = TrollInstallerX.app; sourceTree = BUILT_PRODUCTS_DIR; };
		3166612C2BAD8465009D22D8 /* TrollInstallerXApp.swift */ = {isa = PBXFileReference; lastKnownFileType = sourcecode.swift; path = TrollInstallerXApp.swift; sourceTree = "<group>"; };
		316661302BAD8466009D22D8 /* Assets.xcassets */ = {isa = PBXFileReference; lastKnownFileType = folder.assetcatalog; path = Assets.xcassets; sourceTree = "<group>"; };
		316661332BAD8466009D22D8 /* Preview Assets.xcassets */ = {isa = PBXFileReference; lastKnownFileType = folder.assetcatalog; path = "Preview Assets.xcassets"; sourceTree = "<group>"; };
		3166613C2BAD849C009D22D8 /* Color++.swift */ = {isa = PBXFileReference; lastKnownFileType = sourcecode.swift; path = "Color++.swift"; sourceTree = "<group>"; };
		3166613F2BAD862C009D22D8 /* Device.swift */ = {isa = PBXFileReference; lastKnownFileType = sourcecode.swift; path = Device.swift; sourceTree = "<group>"; };
		316661412BAD86AE009D22D8 /* Exploit.swift */ = {isa = PBXFileReference; lastKnownFileType = sourcecode.swift; path = Exploit.swift; sourceTree = "<group>"; };
		316661432BAD889C009D22D8 /* Version.swift */ = {isa = PBXFileReference; lastKnownFileType = sourcecode.swift; path = Version.swift; sourceTree = "<group>"; };
		3166614B2BAD8BB7009D22D8 /* TrollInstallerX-Bridging-Header.h */ = {isa = PBXFileReference; lastKnownFileType = sourcecode.c.h; path = "TrollInstallerX-Bridging-Header.h"; sourceTree = "<group>"; };
		3166614C2BAD8BB8009D22D8 /* grant_full_disk_access.h */ = {isa = PBXFileReference; fileEncoding = 4; lastKnownFileType = sourcecode.c.h; path = grant_full_disk_access.h; sourceTree = "<group>"; };
		3166614D2BAD8BB8009D22D8 /* helpers.m */ = {isa = PBXFileReference; fileEncoding = 4; lastKnownFileType = sourcecode.c.objc; path = helpers.m; sourceTree = "<group>"; };
		3166614E2BAD8BB8009D22D8 /* kernel_find.m */ = {isa = PBXFileReference; fileEncoding = 4; lastKnownFileType = sourcecode.c.objc; path = kernel_find.m; sourceTree = "<group>"; };
		3166614F2BAD8BB8009D22D8 /* helpers.h */ = {isa = PBXFileReference; fileEncoding = 4; lastKnownFileType = sourcecode.c.h; path = helpers.h; sourceTree = "<group>"; };
		316661502BAD8BB8009D22D8 /* grant_full_disk_access.m */ = {isa = PBXFileReference; fileEncoding = 4; lastKnownFileType = sourcecode.c.objc; path = grant_full_disk_access.m; sourceTree = "<group>"; };
		316661512BAD8BB8009D22D8 /* kernel_find.h */ = {isa = PBXFileReference; fileEncoding = 4; lastKnownFileType = sourcecode.c.h; path = kernel_find.h; sourceTree = "<group>"; };
		316661522BAD8BB8009D22D8 /* vm_unaligned_copy_switch_race.h */ = {isa = PBXFileReference; fileEncoding = 4; lastKnownFileType = sourcecode.c.h; path = vm_unaligned_copy_switch_race.h; sourceTree = "<group>"; };
		316661532BAD8BB8009D22D8 /* vm_unaligned_copy_switch_race.c */ = {isa = PBXFileReference; fileEncoding = 4; lastKnownFileType = sourcecode.c.c; path = vm_unaligned_copy_switch_race.c; sourceTree = "<group>"; };
		3166615A2BAD8BF5009D22D8 /* launch.h */ = {isa = PBXFileReference; fileEncoding = 4; lastKnownFileType = sourcecode.c.h; path = launch.h; sourceTree = "<group>"; };
		3166616B2BAD916A009D22D8 /* dmaFail.h */ = {isa = PBXFileReference; fileEncoding = 4; lastKnownFileType = sourcecode.c.h; path = dmaFail.h; sourceTree = "<group>"; };
		3166616C2BAD916A009D22D8 /* dmaFail.c */ = {isa = PBXFileReference; fileEncoding = 4; lastKnownFileType = sourcecode.c.c; path = dmaFail.c; sourceTree = "<group>"; };
		316661712BAD918E009D22D8 /* codesign.h */ = {isa = PBXFileReference; fileEncoding = 4; lastKnownFileType = sourcecode.c.h; path = codesign.h; sourceTree = "<group>"; };
		316661722BAD918E009D22D8 /* physrw.h */ = {isa = PBXFileReference; fileEncoding = 4; lastKnownFileType = sourcecode.c.h; path = physrw.h; sourceTree = "<group>"; };
		316661732BAD918E009D22D8 /* pte.h */ = {isa = PBXFileReference; fileEncoding = 4; lastKnownFileType = sourcecode.c.h; path = pte.h; sourceTree = "<group>"; };
		316661742BAD918E009D22D8 /* machine_info.h */ = {isa = PBXFileReference; fileEncoding = 4; lastKnownFileType = sourcecode.c.h; path = machine_info.h; sourceTree = "<group>"; };
		316661752BAD918E009D22D8 /* primitives_external.h */ = {isa = PBXFileReference; fileEncoding = 4; lastKnownFileType = sourcecode.c.h; path = primitives_external.h; sourceTree = "<group>"; };
		316661762BAD918E009D22D8 /* translation.h */ = {isa = PBXFileReference; fileEncoding = 4; lastKnownFileType = sourcecode.c.h; path = translation.h; sourceTree = "<group>"; };
		316661782BAD918E009D22D8 /* physrw_pte.h */ = {isa = PBXFileReference; fileEncoding = 4; lastKnownFileType = sourcecode.c.h; path = physrw_pte.h; sourceTree = "<group>"; };
		3166617B2BAD918E009D22D8 /* pvh.h */ = {isa = PBXFileReference; fileEncoding = 4; lastKnownFileType = sourcecode.c.h; path = pvh.h; sourceTree = "<group>"; };
		3166617D2BAD918E009D22D8 /* util.h */ = {isa = PBXFileReference; fileEncoding = 4; lastKnownFileType = sourcecode.c.h; path = util.h; sourceTree = "<group>"; };
		3166617E2BAD918E009D22D8 /* kernel.h */ = {isa = PBXFileReference; fileEncoding = 4; lastKnownFileType = sourcecode.c.h; path = kernel.h; sourceTree = "<group>"; };
		316661802BAD918E009D22D8 /* primitives_IOSurface.h */ = {isa = PBXFileReference; fileEncoding = 4; lastKnownFileType = sourcecode.c.h; path = primitives_IOSurface.h; sourceTree = "<group>"; };
		316661812BAD918E009D22D8 /* primitives.h */ = {isa = PBXFileReference; fileEncoding = 4; lastKnownFileType = sourcecode.c.h; path = primitives.h; sourceTree = "<group>"; };
		316661822BAD918E009D22D8 /* info.h */ = {isa = PBXFileReference; fileEncoding = 4; lastKnownFileType = sourcecode.c.h; path = info.h; sourceTree = "<group>"; };
		316661832BAD918E009D22D8 /* kalloc_pt.h */ = {isa = PBXFileReference; fileEncoding = 4; lastKnownFileType = sourcecode.c.h; path = kalloc_pt.h; sourceTree = "<group>"; };
		316661862BAD918E009D22D8 /* physrw_pte.c */ = {isa = PBXFileReference; fileEncoding = 4; lastKnownFileType = sourcecode.c.c; path = physrw_pte.c; sourceTree = "<group>"; };
		316661872BAD918E009D22D8 /* kernel.c */ = {isa = PBXFileReference; fileEncoding = 4; lastKnownFileType = sourcecode.c.c; path = kernel.c; sourceTree = "<group>"; };
		316661882BAD918E009D22D8 /* util.c */ = {isa = PBXFileReference; fileEncoding = 4; lastKnownFileType = sourcecode.c.c; path = util.c; sourceTree = "<group>"; };
		316661892BAD918E009D22D8 /* util.m */ = {isa = PBXFileReference; fileEncoding = 4; lastKnownFileType = sourcecode.c.objc; path = util.m; sourceTree = "<group>"; };
		3166618B2BAD918E009D22D8 /* info.c */ = {isa = PBXFileReference; fileEncoding = 4; lastKnownFileType = sourcecode.c.c; path = info.c; sourceTree = "<group>"; };
		3166618C2BAD918E009D22D8 /* primitives_IOSurface.m */ = {isa = PBXFileReference; fileEncoding = 4; lastKnownFileType = sourcecode.c.objc; path = primitives_IOSurface.m; sourceTree = "<group>"; };
		3166618D2BAD918E009D22D8 /* primitives.c */ = {isa = PBXFileReference; fileEncoding = 4; lastKnownFileType = sourcecode.c.c; path = primitives.c; sourceTree = "<group>"; };
		3166618F2BAD918E009D22D8 /* kalloc_pt.m */ = {isa = PBXFileReference; fileEncoding = 4; lastKnownFileType = sourcecode.c.objc; path = kalloc_pt.m; sourceTree = "<group>"; };
		316661902BAD918E009D22D8 /* physrw.c */ = {isa = PBXFileReference; fileEncoding = 4; lastKnownFileType = sourcecode.c.c; path = physrw.c; sourceTree = "<group>"; };
		316661922BAD918E009D22D8 /* translation.c */ = {isa = PBXFileReference; fileEncoding = 4; lastKnownFileType = sourcecode.c.c; path = translation.c; sourceTree = "<group>"; };
		316661A32BAD91E5009D22D8 /* MachOLoadCommand.h */ = {isa = PBXFileReference; fileEncoding = 4; lastKnownFileType = sourcecode.c.h; path = MachOLoadCommand.h; sourceTree = "<group>"; };
		316661A42BAD91E5009D22D8 /* MemoryStream.h */ = {isa = PBXFileReference; fileEncoding = 4; lastKnownFileType = sourcecode.c.h; path = MemoryStream.h; sourceTree = "<group>"; };
		316661A52BAD91E5009D22D8 /* Base64.h */ = {isa = PBXFileReference; fileEncoding = 4; lastKnownFileType = sourcecode.c.h; path = Base64.h; sourceTree = "<group>"; };
		316661A62BAD91E5009D22D8 /* Host.h */ = {isa = PBXFileReference; fileEncoding = 4; lastKnownFileType = sourcecode.c.h; path = Host.h; sourceTree = "<group>"; };
		316661A72BAD91E5009D22D8 /* PatchFinder_arm64.h */ = {isa = PBXFileReference; fileEncoding = 4; lastKnownFileType = sourcecode.c.h; path = PatchFinder_arm64.h; sourceTree = "<group>"; };
		316661A82BAD91E5009D22D8 /* CSBlob.h */ = {isa = PBXFileReference; fileEncoding = 4; lastKnownFileType = sourcecode.c.h; path = CSBlob.h; sourceTree = "<group>"; };
		316661A92BAD91E5009D22D8 /* FileStream.h */ = {isa = PBXFileReference; fileEncoding = 4; lastKnownFileType = sourcecode.c.h; path = FileStream.h; sourceTree = "<group>"; };
		316661AA2BAD91E5009D22D8 /* arm64.h */ = {isa = PBXFileReference; fileEncoding = 4; lastKnownFileType = sourcecode.c.h; path = arm64.h; sourceTree = "<group>"; };
		316661AB2BAD91E5009D22D8 /* Util.h */ = {isa = PBXFileReference; fileEncoding = 4; lastKnownFileType = sourcecode.c.h; path = Util.h; sourceTree = "<group>"; };
		316661AC2BAD91E5009D22D8 /* MachO.h */ = {isa = PBXFileReference; fileEncoding = 4; lastKnownFileType = sourcecode.c.h; path = MachO.h; sourceTree = "<group>"; };
		316661AD2BAD91E5009D22D8 /* MachOByteOrder.h */ = {isa = PBXFileReference; fileEncoding = 4; lastKnownFileType = sourcecode.c.h; path = MachOByteOrder.h; sourceTree = "<group>"; };
		316661AE2BAD91E5009D22D8 /* CodeDirectory.h */ = {isa = PBXFileReference; fileEncoding = 4; lastKnownFileType = sourcecode.c.h; path = CodeDirectory.h; sourceTree = "<group>"; };
		316661AF2BAD91E5009D22D8 /* FAT.h */ = {isa = PBXFileReference; fileEncoding = 4; lastKnownFileType = sourcecode.c.h; path = FAT.h; sourceTree = "<group>"; };
		316661B02BAD91E5009D22D8 /* BufferedStream.h */ = {isa = PBXFileReference; fileEncoding = 4; lastKnownFileType = sourcecode.c.h; path = BufferedStream.h; sourceTree = "<group>"; };
		316661B12BAD91E5009D22D8 /* PatchFinder.h */ = {isa = PBXFileReference; fileEncoding = 4; lastKnownFileType = sourcecode.c.h; path = PatchFinder.h; sourceTree = "<group>"; };
		316661B22BAD91ED009D22D8 /* libchoma.a */ = {isa = PBXFileReference; lastKnownFileType = archive.ar; path = libchoma.a; sourceTree = "<group>"; };
		316661B52BAD9203009D22D8 /* archive.h */ = {isa = PBXFileReference; fileEncoding = 4; lastKnownFileType = sourcecode.c.h; path = archive.h; sourceTree = "<group>"; };
		316661B62BAD9203009D22D8 /* archive_entry.h */ = {isa = PBXFileReference; fileEncoding = 4; lastKnownFileType = sourcecode.c.h; path = archive_entry.h; sourceTree = "<group>"; };
		316661B82BAD9217009D22D8 /* ppl.h */ = {isa = PBXFileReference; fileEncoding = 4; lastKnownFileType = sourcecode.c.h; path = ppl.h; sourceTree = "<group>"; };
		316661B92BAD9217009D22D8 /* common.h */ = {isa = PBXFileReference; fileEncoding = 4; lastKnownFileType = sourcecode.c.h; path = common.h; sourceTree = "<group>"; };
		316661BA2BAD9217009D22D8 /* decompress.h */ = {isa = PBXFileReference; fileEncoding = 4; lastKnownFileType = sourcecode.c.h; path = decompress.h; sourceTree = "<group>"; };
		316661BB2BAD9217009D22D8 /* non_ppl.h */ = {isa = PBXFileReference; fileEncoding = 4; lastKnownFileType = sourcecode.c.h; path = non_ppl.h; sourceTree = "<group>"; };
		316661BC2BAD9218009D22D8 /* xpf.h */ = {isa = PBXFileReference; fileEncoding = 4; lastKnownFileType = sourcecode.c.h; path = xpf.h; sourceTree = "<group>"; };
		316661BE2BAD9218009D22D8 /* libfragmentzip.h */ = {isa = PBXFileReference; fileEncoding = 4; lastKnownFileType = sourcecode.c.h; path = libfragmentzip.h; sourceTree = "<group>"; };
		316661C22BAD9218009D22D8 /* header.h */ = {isa = PBXFileReference; fileEncoding = 4; lastKnownFileType = sourcecode.c.h; path = header.h; sourceTree = "<group>"; };
		316661C32BAD9218009D22D8 /* options.h */ = {isa = PBXFileReference; fileEncoding = 4; lastKnownFileType = sourcecode.c.h; path = options.h; sourceTree = "<group>"; };
		316661C42BAD9218009D22D8 /* mprintf.h */ = {isa = PBXFileReference; fileEncoding = 4; lastKnownFileType = sourcecode.c.h; path = mprintf.h; sourceTree = "<group>"; };
		316661C52BAD9218009D22D8 /* easy.h */ = {isa = PBXFileReference; fileEncoding = 4; lastKnownFileType = sourcecode.c.h; path = easy.h; sourceTree = "<group>"; };
		316661C62BAD9218009D22D8 /* curl.h */ = {isa = PBXFileReference; fileEncoding = 4; lastKnownFileType = sourcecode.c.h; path = curl.h; sourceTree = "<group>"; };
		316661C72BAD9218009D22D8 /* websockets.h */ = {isa = PBXFileReference; fileEncoding = 4; lastKnownFileType = sourcecode.c.h; path = websockets.h; sourceTree = "<group>"; };
		316661C82BAD9218009D22D8 /* curlver.h */ = {isa = PBXFileReference; fileEncoding = 4; lastKnownFileType = sourcecode.c.h; path = curlver.h; sourceTree = "<group>"; };
		316661C92BAD9218009D22D8 /* system.h */ = {isa = PBXFileReference; fileEncoding = 4; lastKnownFileType = sourcecode.c.h; path = system.h; sourceTree = "<group>"; };
		316661CA2BAD9218009D22D8 /* typecheck-gcc.h */ = {isa = PBXFileReference; fileEncoding = 4; lastKnownFileType = sourcecode.c.h; path = "typecheck-gcc.h"; sourceTree = "<group>"; };
		316661CB2BAD9218009D22D8 /* multi.h */ = {isa = PBXFileReference; fileEncoding = 4; lastKnownFileType = sourcecode.c.h; path = multi.h; sourceTree = "<group>"; };
		316661CC2BAD9218009D22D8 /* urlapi.h */ = {isa = PBXFileReference; fileEncoding = 4; lastKnownFileType = sourcecode.c.h; path = urlapi.h; sourceTree = "<group>"; };
		316661D02BAD9221009D22D8 /* libxpf.dylib */ = {isa = PBXFileReference; lastKnownFileType = "compiled.mach-o.dylib"; path = libxpf.dylib; sourceTree = "<group>"; };
		316661D62BAD939E009D22D8 /* libarchive.tbd */ = {isa = PBXFileReference; lastKnownFileType = "sourcecode.text-based-dylib-definition"; name = libarchive.tbd; path = usr/lib/libarchive.tbd; sourceTree = SDKROOT; };
		3199C2252BB78AED00A196E9 /* InstalledApp.swift */ = {isa = PBXFileReference; lastKnownFileType = sourcecode.swift; path = InstalledApp.swift; sourceTree = "<group>"; };
		319C8F7C2BB89CC900E19B34 /* Update.swift */ = {isa = PBXFileReference; lastKnownFileType = sourcecode.swift; path = Update.swift; sourceTree = "<group>"; };
		319C8F842BB8A50600E19B34 /* update.m */ = {isa = PBXFileReference; lastKnownFileType = sourcecode.c.objc; path = update.m; sourceTree = "<group>"; };
		319C8F862BB8A51100E19B34 /* update.h */ = {isa = PBXFileReference; lastKnownFileType = sourcecode.c.h; path = update.h; sourceTree = "<group>"; };
		319C8F8B2BB8AFBE00E19B34 /* TrollStore.tar */ = {isa = PBXFileReference; lastKnownFileType = archive.tar; path = TrollStore.tar; sourceTree = "<group>"; };
		319C8F8D2BB8BAD200E19B34 /* PersistenceHelperView.swift */ = {isa = PBXFileReference; lastKnownFileType = sourcecode.swift; path = PersistenceHelperView.swift; sourceTree = "<group>"; };
		319CE2982BB31A8500189EDE /* CreditsView.swift */ = {isa = PBXFileReference; lastKnownFileType = sourcecode.swift; path = CreditsView.swift; sourceTree = "<group>"; };
		319CE29A2BB31ABB00189EDE /* SettingsView.swift */ = {isa = PBXFileReference; lastKnownFileType = sourcecode.swift; path = SettingsView.swift; sourceTree = "<group>"; };
		319CE29C2BB31ED400189EDE /* UnsandboxView.swift */ = {isa = PBXFileReference; lastKnownFileType = sourcecode.swift; path = UnsandboxView.swift; sourceTree = "<group>"; };
		319CE29E2BB31F7300189EDE /* TrollHelperOTAView.swift */ = {isa = PBXFileReference; lastKnownFileType = sourcecode.swift; path = TrollHelperOTAView.swift; sourceTree = "<group>"; };
		31A6FFF42BB9EA30008F69F8 /* Defaults.swift */ = {isa = PBXFileReference; lastKnownFileType = sourcecode.swift; path = Defaults.swift; sourceTree = "<group>"; };
		31ABE97B2BAD953F003C35E0 /* escalate.h */ = {isa = PBXFileReference; lastKnownFileType = sourcecode.c.h; path = escalate.h; sourceTree = "<group>"; };
		31ABE97C2BAD953F003C35E0 /* escalate.c */ = {isa = PBXFileReference; lastKnownFileType = sourcecode.c.c; path = escalate.c; sourceTree = "<group>"; };
		31ABE9822BAD997C003C35E0 /* MainView.swift */ = {isa = PBXFileReference; lastKnownFileType = sourcecode.swift; path = MainView.swift; sourceTree = "<group>"; };
		31BA7FF52BAF0CB00061DC7A /* PopupView.swift */ = {isa = PBXFileReference; lastKnownFileType = sourcecode.swift; path = PopupView.swift; sourceTree = "<group>"; };
		31D334322C9367A9003050AB /* libgrabkernel2.a */ = {isa = PBXFileReference; lastKnownFileType = archive.ar; path = libgrabkernel2.a; sourceTree = "<group>"; };
		31F859C92BADEC6E00A74022 /* LogView.swift */ = {isa = PBXFileReference; lastKnownFileType = sourcecode.swift; path = LogView.swift; sourceTree = "<group>"; };
		31F859CB2BADEC8E00A74022 /* Logger.swift */ = {isa = PBXFileReference; lastKnownFileType = sourcecode.swift; path = Logger.swift; sourceTree = "<group>"; };
		31F859CD2BADFA0600A74022 /* MenuView.swift */ = {isa = PBXFileReference; lastKnownFileType = sourcecode.swift; path = MenuView.swift; sourceTree = "<group>"; };
		31F859D12BAE008200A74022 /* krkw.h */ = {isa = PBXFileReference; fileEncoding = 4; lastKnownFileType = sourcecode.c.h; path = krkw.h; sourceTree = "<group>"; };
		31F859D42BAE008200A74022 /* kread_sem_open.h */ = {isa = PBXFileReference; fileEncoding = 4; lastKnownFileType = sourcecode.c.h; path = kread_sem_open.h; sourceTree = "<group>"; };
		31F859D52BAE008200A74022 /* kread_IOSurface.h */ = {isa = PBXFileReference; fileEncoding = 4; lastKnownFileType = sourcecode.c.h; path = kread_IOSurface.h; sourceTree = "<group>"; };
		31F859D62BAE008200A74022 /* kread_kqueue_workloop_ctl.h */ = {isa = PBXFileReference; fileEncoding = 4; lastKnownFileType = sourcecode.c.h; path = kread_kqueue_workloop_ctl.h; sourceTree = "<group>"; };
		31F859D72BAE008200A74022 /* IOSurface_shared.h */ = {isa = PBXFileReference; fileEncoding = 4; lastKnownFileType = sourcecode.c.h; path = IOSurface_shared.h; sourceTree = "<group>"; };
		31F859D92BAE008200A74022 /* kwrite_IOSurface.h */ = {isa = PBXFileReference; fileEncoding = 4; lastKnownFileType = sourcecode.c.h; path = kwrite_IOSurface.h; sourceTree = "<group>"; };
		31F859DA2BAE008200A74022 /* kwrite_sem_open.h */ = {isa = PBXFileReference; fileEncoding = 4; lastKnownFileType = sourcecode.c.h; path = kwrite_sem_open.h; sourceTree = "<group>"; };
		31F859DB2BAE008200A74022 /* kwrite_dup.h */ = {isa = PBXFileReference; fileEncoding = 4; lastKnownFileType = sourcecode.c.h; path = kwrite_dup.h; sourceTree = "<group>"; };
		31F859DD2BAE008200A74022 /* static_info.h */ = {isa = PBXFileReference; fileEncoding = 4; lastKnownFileType = sourcecode.c.h; path = static_info.h; sourceTree = "<group>"; };
		31F859DE2BAE008200A74022 /* dynamic_info.h */ = {isa = PBXFileReference; fileEncoding = 4; lastKnownFileType = sourcecode.c.h; path = dynamic_info.h; sourceTree = "<group>"; };
		31F859DF2BAE008200A74022 /* puaf.h */ = {isa = PBXFileReference; fileEncoding = 4; lastKnownFileType = sourcecode.c.h; path = puaf.h; sourceTree = "<group>"; };
		31F859E02BAE008200A74022 /* common.h */ = {isa = PBXFileReference; fileEncoding = 4; lastKnownFileType = sourcecode.c.h; path = common.h; sourceTree = "<group>"; };
		31F859E22BAE008200A74022 /* smith.h */ = {isa = PBXFileReference; fileEncoding = 4; lastKnownFileType = sourcecode.c.h; path = smith.h; sourceTree = "<group>"; };
		31F859E32BAE008200A74022 /* physpuppet.h */ = {isa = PBXFileReference; fileEncoding = 4; lastKnownFileType = sourcecode.c.h; path = physpuppet.h; sourceTree = "<group>"; };
		31F859E42BAE008200A74022 /* landa.h */ = {isa = PBXFileReference; fileEncoding = 4; lastKnownFileType = sourcecode.c.h; path = landa.h; sourceTree = "<group>"; };
		31F859E52BAE008200A74022 /* perf.h */ = {isa = PBXFileReference; fileEncoding = 4; lastKnownFileType = sourcecode.c.h; path = perf.h; sourceTree = "<group>"; };
		31F859E62BAE008200A74022 /* info.h */ = {isa = PBXFileReference; fileEncoding = 4; lastKnownFileType = sourcecode.c.h; path = info.h; sourceTree = "<group>"; };
		31F859E72BAE008200A74022 /* libkfd.h */ = {isa = PBXFileReference; fileEncoding = 4; lastKnownFileType = sourcecode.c.h; path = libkfd.h; sourceTree = "<group>"; };
		31F859E82BAE008200A74022 /* kfd.h */ = {isa = PBXFileReference; fileEncoding = 4; lastKnownFileType = sourcecode.c.h; path = kfd.h; sourceTree = "<group>"; };
		31F859E92BAE008200A74022 /* kfd.m */ = {isa = PBXFileReference; fileEncoding = 4; lastKnownFileType = sourcecode.c.objc; path = kfd.m; sourceTree = "<group>"; };
		31F859EB2BAE00A000A74022 /* IOKit.framework */ = {isa = PBXFileReference; lastKnownFileType = wrapper.framework; name = IOKit.framework; path = System/Library/Frameworks/IOKit.framework; sourceTree = SDKROOT; };
		31F859ED2BAE022C00A74022 /* Installation.swift */ = {isa = PBXFileReference; lastKnownFileType = sourcecode.swift; path = Installation.swift; sourceTree = "<group>"; };
		31F859F02BAE035900A74022 /* libz.tbd */ = {isa = PBXFileReference; lastKnownFileType = "sourcecode.text-based-dylib-definition"; name = libz.tbd; path = usr/lib/libz.tbd; sourceTree = SDKROOT; };
		31F859F22BAE037600A74022 /* patchfind.h */ = {isa = PBXFileReference; lastKnownFileType = sourcecode.c.h; path = patchfind.h; sourceTree = "<group>"; };
		31F859F32BAE037600A74022 /* patchfind.c */ = {isa = PBXFileReference; lastKnownFileType = sourcecode.c.c; path = patchfind.c; sourceTree = "<group>"; };
		31F859FA2BAE108000A74022 /* remount.m */ = {isa = PBXFileReference; lastKnownFileType = sourcecode.c.objc; path = remount.m; sourceTree = "<group>"; };
		31F859FC2BAE109F00A74022 /* remount.h */ = {isa = PBXFileReference; lastKnownFileType = sourcecode.c.h; path = remount.h; sourceTree = "<group>"; };
		31F859FD2BAE119200A74022 /* Extract.swift */ = {isa = PBXFileReference; lastKnownFileType = sourcecode.swift; path = Extract.swift; sourceTree = "<group>"; };
		31F859FF2BAE123B00A74022 /* install.m */ = {isa = PBXFileReference; lastKnownFileType = sourcecode.c.objc; path = install.m; sourceTree = "<group>"; };
		31F85A012BAE126800A74022 /* run.m */ = {isa = PBXFileReference; lastKnownFileType = sourcecode.c.objc; path = run.m; sourceTree = "<group>"; };
		31F85A032BAE127600A74022 /* run.h */ = {isa = PBXFileReference; lastKnownFileType = sourcecode.c.h; path = run.h; sourceTree = "<group>"; };
		31F85A042BAE12DA00A74022 /* install.h */ = {isa = PBXFileReference; lastKnownFileType = sourcecode.c.h; path = install.h; sourceTree = "<group>"; };
		31FED0BF2C92E02800CC33E4 /* libgrabkernel2.h */ = {isa = PBXFileReference; lastKnownFileType = sourcecode.c.h; path = libgrabkernel2.h; sourceTree = "<group>"; };
		511A788A2BBE0A8700D262F9 /* libpartial.a */ = {isa = PBXFileReference; lastKnownFileType = archive.ar; path = libpartial.a; sourceTree = "<group>"; };
/* End PBXFileReference section */

/* Begin PBXFrameworksBuildPhase section */
		316661262BAD8465009D22D8 /* Frameworks */ = {
			isa = PBXFrameworksBuildPhase;
			buildActionMask = 2147483647;
			files = (
				511A788B2BBE0A8700D262F9 /* libpartial.a in Frameworks */,
				316661D42BAD9221009D22D8 /* libxpf.dylib in Frameworks */,
				31F859F12BAE035E00A74022 /* libz.tbd in Frameworks */,
				316661D72BAD93AB009D22D8 /* libarchive.tbd in Frameworks */,
				316661B32BAD91ED009D22D8 /* libchoma.a in Frameworks */,
				31D334332C9367A9003050AB /* libgrabkernel2.a in Frameworks */,
				31F859EC2BAE00A000A74022 /* IOKit.framework in Frameworks */,
			);
			runOnlyForDeploymentPostprocessing = 0;
		};
/* End PBXFrameworksBuildPhase section */

/* Begin PBXGroup section */
		316661202BAD8465009D22D8 = {
			isa = PBXGroup;
			children = (
				3166612B2BAD8465009D22D8 /* TrollInstallerX */,
				3166612A2BAD8465009D22D8 /* Products */,
				316661D52BAD939E009D22D8 /* Frameworks */,
			);
			sourceTree = "<group>";
		};
		3166612A2BAD8465009D22D8 /* Products */ = {
			isa = PBXGroup;
			children = (
				316661292BAD8465009D22D8 /* TrollInstallerX.app */,
			);
			name = Products;
			sourceTree = "<group>";
		};
		3166612B2BAD8465009D22D8 /* TrollInstallerX */ = {
			isa = PBXGroup;
			children = (
				31F85A052BAE143800A74022 /* Resources */,
				31F859EF2BAE02DE00A74022 /* Patchfinder */,
				31ABE9782BAD9514003C35E0 /* Installer */,
				3166614B2BAD8BB7009D22D8 /* TrollInstallerX-Bridging-Header.h */,
				316661582BAD8BDF009D22D8 /* External */,
				316661472BAD8B8F009D22D8 /* Exploitation */,
				3166613E2BAD8623009D22D8 /* Models */,
				3166613B2BAD8492009D22D8 /* Extensions */,
				3166613A2BAD848F009D22D8 /* UI */,
				3166612C2BAD8465009D22D8 /* TrollInstallerXApp.swift */,
				316661302BAD8466009D22D8 /* Assets.xcassets */,
				316661322BAD8466009D22D8 /* Preview Content */,
			);
			path = TrollInstallerX;
			sourceTree = "<group>";
		};
		316661322BAD8466009D22D8 /* Preview Content */ = {
			isa = PBXGroup;
			children = (
				316661332BAD8466009D22D8 /* Preview Assets.xcassets */,
			);
			path = "Preview Content";
			sourceTree = "<group>";
		};
		3166613A2BAD848F009D22D8 /* UI */ = {
			isa = PBXGroup;
			children = (
				31ABE9822BAD997C003C35E0 /* MainView.swift */,
				319CE29A2BB31ABB00189EDE /* SettingsView.swift */,
				319CE29E2BB31F7300189EDE /* TrollHelperOTAView.swift */,
				319C8F8D2BB8BAD200E19B34 /* PersistenceHelperView.swift */,
				319CE29C2BB31ED400189EDE /* UnsandboxView.swift */,
				319CE2982BB31A8500189EDE /* CreditsView.swift */,
				31F859CD2BADFA0600A74022 /* MenuView.swift */,
				31BA7FF52BAF0CB00061DC7A /* PopupView.swift */,
				31F859C92BADEC6E00A74022 /* LogView.swift */,
			);
			path = UI;
			sourceTree = "<group>";
		};
		3166613B2BAD8492009D22D8 /* Extensions */ = {
			isa = PBXGroup;
			children = (
				3166613C2BAD849C009D22D8 /* Color++.swift */,
			);
			path = Extensions;
			sourceTree = "<group>";
		};
		3166613E2BAD8623009D22D8 /* Models */ = {
			isa = PBXGroup;
			children = (
				3166613F2BAD862C009D22D8 /* Device.swift */,
				3199C2252BB78AED00A196E9 /* InstalledApp.swift */,
				316661432BAD889C009D22D8 /* Version.swift */,
				31A6FFF42BB9EA30008F69F8 /* Defaults.swift */,
				316661412BAD86AE009D22D8 /* Exploit.swift */,
				31F859CB2BADEC8E00A74022 /* Logger.swift */,
			);
			path = Models;
			sourceTree = "<group>";
		};
		316661472BAD8B8F009D22D8 /* Exploitation */ = {
			isa = PBXGroup;
			children = (
				3166616E2BAD917B009D22D8 /* libjailbreak */,
				3166614A2BAD8B9B009D22D8 /* MacDirtyCow */,
				316661492BAD8B97009D22D8 /* dmaFail */,
				316661482BAD8B93009D22D8 /* kfd */,
			);
			path = Exploitation;
			sourceTree = "<group>";
		};
		316661482BAD8B93009D22D8 /* kfd */ = {
			isa = PBXGroup;
			children = (
				31F859CF2BAE008200A74022 /* Exploit */,
				31F859E82BAE008200A74022 /* kfd.h */,
				31F859E92BAE008200A74022 /* kfd.m */,
			);
			path = kfd;
			sourceTree = "<group>";
		};
		316661492BAD8B97009D22D8 /* dmaFail */ = {
			isa = PBXGroup;
			children = (
				3166616C2BAD916A009D22D8 /* dmaFail.c */,
				3166616B2BAD916A009D22D8 /* dmaFail.h */,
			);
			path = dmaFail;
			sourceTree = "<group>";
		};
		3166614A2BAD8B9B009D22D8 /* MacDirtyCow */ = {
			isa = PBXGroup;
			children = (
				3166614C2BAD8BB8009D22D8 /* grant_full_disk_access.h */,
				316661502BAD8BB8009D22D8 /* grant_full_disk_access.m */,
				3166614F2BAD8BB8009D22D8 /* helpers.h */,
				3166614D2BAD8BB8009D22D8 /* helpers.m */,
				316661512BAD8BB8009D22D8 /* kernel_find.h */,
				3166614E2BAD8BB8009D22D8 /* kernel_find.m */,
				316661532BAD8BB8009D22D8 /* vm_unaligned_copy_switch_race.c */,
				316661522BAD8BB8009D22D8 /* vm_unaligned_copy_switch_race.h */,
			);
			path = MacDirtyCow;
			sourceTree = "<group>";
		};
		316661582BAD8BDF009D22D8 /* External */ = {
			isa = PBXGroup;
			children = (
				316661A12BAD91CF009D22D8 /* lib */,
				316661592BAD8BE4009D22D8 /* include */,
			);
			path = External;
			sourceTree = "<group>";
		};
		316661592BAD8BE4009D22D8 /* include */ = {
			isa = PBXGroup;
			children = (
				31FED0BE2C92E01D00CC33E4 /* libgrabkernel2 */,
				316661C12BAD9218009D22D8 /* curl */,
				316661BD2BAD9218009D22D8 /* libfragmentzip */,
				316661B72BAD9217009D22D8 /* xpf */,
				316661B42BAD9203009D22D8 /* libarchive */,
				316661A22BAD91E5009D22D8 /* choma */,
				3166615A2BAD8BF5009D22D8 /* launch.h */,
			);
			path = include;
			sourceTree = "<group>";
		};
		3166616E2BAD917B009D22D8 /* libjailbreak */ = {
			isa = PBXGroup;
			children = (
				316661712BAD918E009D22D8 /* codesign.h */,
				316661722BAD918E009D22D8 /* physrw.h */,
				316661732BAD918E009D22D8 /* pte.h */,
				316661742BAD918E009D22D8 /* machine_info.h */,
				316661752BAD918E009D22D8 /* primitives_external.h */,
				316661762BAD918E009D22D8 /* translation.h */,
				316661782BAD918E009D22D8 /* physrw_pte.h */,
				3166617B2BAD918E009D22D8 /* pvh.h */,
				3166617D2BAD918E009D22D8 /* util.h */,
				3166617E2BAD918E009D22D8 /* kernel.h */,
				316661802BAD918E009D22D8 /* primitives_IOSurface.h */,
				316661812BAD918E009D22D8 /* primitives.h */,
				316661822BAD918E009D22D8 /* info.h */,
				316661832BAD918E009D22D8 /* kalloc_pt.h */,
				316661862BAD918E009D22D8 /* physrw_pte.c */,
				316661872BAD918E009D22D8 /* kernel.c */,
				316661882BAD918E009D22D8 /* util.c */,
				316661892BAD918E009D22D8 /* util.m */,
				3166618B2BAD918E009D22D8 /* info.c */,
				3166618C2BAD918E009D22D8 /* primitives_IOSurface.m */,
				3166618D2BAD918E009D22D8 /* primitives.c */,
				3166618F2BAD918E009D22D8 /* kalloc_pt.m */,
				316661902BAD918E009D22D8 /* physrw.c */,
				316661922BAD918E009D22D8 /* translation.c */,
				31083CCD2BBAE668006286CE /* vnode.m */,
				31083CCF2BBAE670006286CE /* vnode.h */,
			);
			path = libjailbreak;
			sourceTree = "<group>";
		};
		316661A12BAD91CF009D22D8 /* lib */ = {
			isa = PBXGroup;
			children = (
				31D334322C9367A9003050AB /* libgrabkernel2.a */,
				511A788A2BBE0A8700D262F9 /* libpartial.a */,
				316661D02BAD9221009D22D8 /* libxpf.dylib */,
				316661B22BAD91ED009D22D8 /* libchoma.a */,
			);
			path = lib;
			sourceTree = "<group>";
		};
		316661A22BAD91E5009D22D8 /* choma */ = {
			isa = PBXGroup;
			children = (
				316661A32BAD91E5009D22D8 /* MachOLoadCommand.h */,
				316661A42BAD91E5009D22D8 /* MemoryStream.h */,
				316661A52BAD91E5009D22D8 /* Base64.h */,
				316661A62BAD91E5009D22D8 /* Host.h */,
				316661A72BAD91E5009D22D8 /* PatchFinder_arm64.h */,
				316661A82BAD91E5009D22D8 /* CSBlob.h */,
				316661A92BAD91E5009D22D8 /* FileStream.h */,
				316661AA2BAD91E5009D22D8 /* arm64.h */,
				316661AB2BAD91E5009D22D8 /* Util.h */,
				316661AC2BAD91E5009D22D8 /* MachO.h */,
				316661AD2BAD91E5009D22D8 /* MachOByteOrder.h */,
				316661AE2BAD91E5009D22D8 /* CodeDirectory.h */,
				316661AF2BAD91E5009D22D8 /* FAT.h */,
				316661B02BAD91E5009D22D8 /* BufferedStream.h */,
				316661B12BAD91E5009D22D8 /* PatchFinder.h */,
			);
			path = choma;
			sourceTree = "<group>";
		};
		316661B42BAD9203009D22D8 /* libarchive */ = {
			isa = PBXGroup;
			children = (
				316661B52BAD9203009D22D8 /* archive.h */,
				316661B62BAD9203009D22D8 /* archive_entry.h */,
			);
			path = libarchive;
			sourceTree = "<group>";
		};
		316661B72BAD9217009D22D8 /* xpf */ = {
			isa = PBXGroup;
			children = (
				316661B82BAD9217009D22D8 /* ppl.h */,
				316661B92BAD9217009D22D8 /* common.h */,
				316661BA2BAD9217009D22D8 /* decompress.h */,
				316661BB2BAD9217009D22D8 /* non_ppl.h */,
				316661BC2BAD9218009D22D8 /* xpf.h */,
			);
			path = xpf;
			sourceTree = "<group>";
		};
		316661BD2BAD9218009D22D8 /* libfragmentzip */ = {
			isa = PBXGroup;
			children = (
				316661BE2BAD9218009D22D8 /* libfragmentzip.h */,
			);
			path = libfragmentzip;
			sourceTree = "<group>";
		};
		316661C12BAD9218009D22D8 /* curl */ = {
			isa = PBXGroup;
			children = (
				316661C22BAD9218009D22D8 /* header.h */,
				316661C32BAD9218009D22D8 /* options.h */,
				316661C42BAD9218009D22D8 /* mprintf.h */,
				316661C52BAD9218009D22D8 /* easy.h */,
				316661C62BAD9218009D22D8 /* curl.h */,
				316661C72BAD9218009D22D8 /* websockets.h */,
				316661C82BAD9218009D22D8 /* curlver.h */,
				316661C92BAD9218009D22D8 /* system.h */,
				316661CA2BAD9218009D22D8 /* typecheck-gcc.h */,
				316661CB2BAD9218009D22D8 /* multi.h */,
				316661CC2BAD9218009D22D8 /* urlapi.h */,
			);
			path = curl;
			sourceTree = "<group>";
		};
		316661D52BAD939E009D22D8 /* Frameworks */ = {
			isa = PBXGroup;
			children = (
				31F859F02BAE035900A74022 /* libz.tbd */,
				31F859EB2BAE00A000A74022 /* IOKit.framework */,
				316661D62BAD939E009D22D8 /* libarchive.tbd */,
			);
			name = Frameworks;
			sourceTree = "<group>";
		};
		31ABE9782BAD9514003C35E0 /* Installer */ = {
			isa = PBXGroup;
			children = (
				31ABE97B2BAD953F003C35E0 /* escalate.h */,
				31ABE97C2BAD953F003C35E0 /* escalate.c */,
				31F859ED2BAE022C00A74022 /* Installation.swift */,
				31F859FD2BAE119200A74022 /* Extract.swift */,
				319C8F7C2BB89CC900E19B34 /* Update.swift */,
				319C8F842BB8A50600E19B34 /* update.m */,
				319C8F862BB8A51100E19B34 /* update.h */,
				31F859FA2BAE108000A74022 /* remount.m */,
				31F859FC2BAE109F00A74022 /* remount.h */,
				31F859FF2BAE123B00A74022 /* install.m */,
				31F85A042BAE12DA00A74022 /* install.h */,
				31F85A012BAE126800A74022 /* run.m */,
				31F85A032BAE127600A74022 /* run.h */,
			);
			path = Installer;
			sourceTree = "<group>";
		};
		31F859CF2BAE008200A74022 /* Exploit */ = {
			isa = PBXGroup;
			children = (
				31F859D02BAE008200A74022 /* libkfd */,
				31F859E72BAE008200A74022 /* libkfd.h */,
			);
			path = Exploit;
			sourceTree = "<group>";
		};
		31F859D02BAE008200A74022 /* libkfd */ = {
			isa = PBXGroup;
			children = (
				31F859D12BAE008200A74022 /* krkw.h */,
				31F859D22BAE008200A74022 /* krkw */,
				31F859DC2BAE008200A74022 /* info */,
				31F859DF2BAE008200A74022 /* puaf.h */,
				31F859E02BAE008200A74022 /* common.h */,
				31F859E12BAE008200A74022 /* puaf */,
				31F859E52BAE008200A74022 /* perf.h */,
				31F859E62BAE008200A74022 /* info.h */,
			);
			path = libkfd;
			sourceTree = "<group>";
		};
		31F859D22BAE008200A74022 /* krkw */ = {
			isa = PBXGroup;
			children = (
				31F859D32BAE008200A74022 /* kread */,
				31F859D72BAE008200A74022 /* IOSurface_shared.h */,
				31F859D82BAE008200A74022 /* kwrite */,
			);
			path = krkw;
			sourceTree = "<group>";
		};
		31F859D32BAE008200A74022 /* kread */ = {
			isa = PBXGroup;
			children = (
				31F859D42BAE008200A74022 /* kread_sem_open.h */,
				31F859D52BAE008200A74022 /* kread_IOSurface.h */,
				31F859D62BAE008200A74022 /* kread_kqueue_workloop_ctl.h */,
			);
			path = kread;
			sourceTree = "<group>";
		};
		31F859D82BAE008200A74022 /* kwrite */ = {
			isa = PBXGroup;
			children = (
				31F859D92BAE008200A74022 /* kwrite_IOSurface.h */,
				31F859DA2BAE008200A74022 /* kwrite_sem_open.h */,
				31F859DB2BAE008200A74022 /* kwrite_dup.h */,
			);
			path = kwrite;
			sourceTree = "<group>";
		};
		31F859DC2BAE008200A74022 /* info */ = {
			isa = PBXGroup;
			children = (
				31F859DD2BAE008200A74022 /* static_info.h */,
				31F859DE2BAE008200A74022 /* dynamic_info.h */,
			);
			path = info;
			sourceTree = "<group>";
		};
		31F859E12BAE008200A74022 /* puaf */ = {
			isa = PBXGroup;
			children = (
				31F859E22BAE008200A74022 /* smith.h */,
				31F859E32BAE008200A74022 /* physpuppet.h */,
				31F859E42BAE008200A74022 /* landa.h */,
			);
			path = puaf;
			sourceTree = "<group>";
		};
		31F859EF2BAE02DE00A74022 /* Patchfinder */ = {
			isa = PBXGroup;
			children = (
				31F859F22BAE037600A74022 /* patchfind.h */,
				31F859F32BAE037600A74022 /* patchfind.c */,
			);
			path = Patchfinder;
			sourceTree = "<group>";
		};
		31F85A052BAE143800A74022 /* Resources */ = {
			isa = PBXGroup;
			children = (
				319C8F8B2BB8AFBE00E19B34 /* TrollStore.tar */,
			);
			path = Resources;
			sourceTree = "<group>";
		};
		31FED0BE2C92E01D00CC33E4 /* libgrabkernel2 */ = {
			isa = PBXGroup;
			children = (
				31FED0BF2C92E02800CC33E4 /* libgrabkernel2.h */,
			);
			path = libgrabkernel2;
			sourceTree = "<group>";
		};
/* End PBXGroup section */

/* Begin PBXNativeTarget section */
		316661282BAD8465009D22D8 /* TrollInstallerX */ = {
			isa = PBXNativeTarget;
			buildConfigurationList = 316661372BAD8466009D22D8 /* Build configuration list for PBXNativeTarget "TrollInstallerX" */;
			buildPhases = (
				316661252BAD8465009D22D8 /* Sources */,
				316661262BAD8465009D22D8 /* Frameworks */,
				316661272BAD8465009D22D8 /* Resources */,
				31ABE9802BAD981C003C35E0 /* CopyFiles */,
			);
			buildRules = (
			);
			dependencies = (
			);
			name = TrollInstallerX;
			productName = TrollInstallerX;
			productReference = 316661292BAD8465009D22D8 /* TrollInstallerX.app */;
			productType = "com.apple.product-type.application";
		};
/* End PBXNativeTarget section */

/* Begin PBXProject section */
		316661212BAD8465009D22D8 /* Project object */ = {
			isa = PBXProject;
			attributes = {
				BuildIndependentTargetsInParallel = 1;
				LastSwiftUpdateCheck = 1520;
				LastUpgradeCheck = 1520;
				TargetAttributes = {
					316661282BAD8465009D22D8 = {
						CreatedOnToolsVersion = 15.2;
						LastSwiftMigration = 1520;
					};
				};
			};
			buildConfigurationList = 316661242BAD8465009D22D8 /* Build configuration list for PBXProject "TrollInstallerX" */;
			compatibilityVersion = "Xcode 14.0";
			developmentRegion = en;
			hasScannedForEncodings = 0;
			knownRegions = (
				en,
				Base,
			);
			mainGroup = 316661202BAD8465009D22D8;
			productRefGroup = 3166612A2BAD8465009D22D8 /* Products */;
			projectDirPath = "";
			projectRoot = "";
			targets = (
				316661282BAD8465009D22D8 /* TrollInstallerX */,
			);
		};
/* End PBXProject section */

/* Begin PBXResourcesBuildPhase section */
		316661272BAD8465009D22D8 /* Resources */ = {
			isa = PBXResourcesBuildPhase;
			buildActionMask = 2147483647;
			files = (
				316661342BAD8466009D22D8 /* Preview Assets.xcassets in Resources */,
				316661312BAD8466009D22D8 /* Assets.xcassets in Resources */,
				319C8F8C2BB8AFBE00E19B34 /* TrollStore.tar in Resources */,
			);
			runOnlyForDeploymentPostprocessing = 0;
		};
/* End PBXResourcesBuildPhase section */

/* Begin PBXSourcesBuildPhase section */
		316661252BAD8465009D22D8 /* Sources */ = {
			isa = PBXSourcesBuildPhase;
			buildActionMask = 2147483647;
			files = (
				31083CCE2BBAE668006286CE /* vnode.m in Sources */,
				31F859EA2BAE008200A74022 /* kfd.m in Sources */,
				31A6FFF52BB9EA30008F69F8 /* Defaults.swift in Sources */,
				31F859CC2BADEC8E00A74022 /* Logger.swift in Sources */,
				31F85A002BAE123B00A74022 /* install.m in Sources */,
				31ABE9832BAD997C003C35E0 /* MainView.swift in Sources */,
				319CE29B2BB31ABB00189EDE /* SettingsView.swift in Sources */,
				3166613D2BAD849C009D22D8 /* Color++.swift in Sources */,
				316661972BAD918E009D22D8 /* util.m in Sources */,
				316661962BAD918E009D22D8 /* util.c in Sources */,
				31ABE97D2BAD953F003C35E0 /* escalate.c in Sources */,
				319CE29D2BB31ED400189EDE /* UnsandboxView.swift in Sources */,
				319C8F7D2BB89CC900E19B34 /* Update.swift in Sources */,
				3199C2262BB78AED00A196E9 /* InstalledApp.swift in Sources */,
				31F85A022BAE126800A74022 /* run.m in Sources */,
				319CE2992BB31A8500189EDE /* CreditsView.swift in Sources */,
				3166619D2BAD918E009D22D8 /* kalloc_pt.m in Sources */,
				316661572BAD8BB8009D22D8 /* vm_unaligned_copy_switch_race.c in Sources */,
				316661562BAD8BB8009D22D8 /* grant_full_disk_access.m in Sources */,
				319C8F8E2BB8BAD200E19B34 /* PersistenceHelperView.swift in Sources */,
				31F859FB2BAE108000A74022 /* remount.m in Sources */,
				31F859CA2BADEC6E00A74022 /* LogView.swift in Sources */,
				3166619B2BAD918E009D22D8 /* primitives.c in Sources */,
				3166619E2BAD918E009D22D8 /* physrw.c in Sources */,
				3166619A2BAD918E009D22D8 /* primitives_IOSurface.m in Sources */,
				316661942BAD918E009D22D8 /* physrw_pte.c in Sources */,
				316661422BAD86AE009D22D8 /* Exploit.swift in Sources */,
				316661552BAD8BB8009D22D8 /* kernel_find.m in Sources */,
				3166612D2BAD8465009D22D8 /* TrollInstallerXApp.swift in Sources */,
				31F859FE2BAE119200A74022 /* Extract.swift in Sources */,
				316661952BAD918E009D22D8 /* kernel.c in Sources */,
				31F859F42BAE037600A74022 /* patchfind.c in Sources */,
				3166616D2BAD916A009D22D8 /* dmaFail.c in Sources */,
				316661A02BAD918E009D22D8 /* translation.c in Sources */,
				31F859CE2BADFA0600A74022 /* MenuView.swift in Sources */,
				31F859EE2BAE022C00A74022 /* Installation.swift in Sources */,
				31BA7FF62BAF0CB00061DC7A /* PopupView.swift in Sources */,
				316661992BAD918E009D22D8 /* info.c in Sources */,
				316661442BAD889C009D22D8 /* Version.swift in Sources */,
				316661402BAD862C009D22D8 /* Device.swift in Sources */,
				319CE29F2BB31F7300189EDE /* TrollHelperOTAView.swift in Sources */,
				319C8F852BB8A50600E19B34 /* update.m in Sources */,
				316661542BAD8BB8009D22D8 /* helpers.m in Sources */,
			);
			runOnlyForDeploymentPostprocessing = 0;
		};
/* End PBXSourcesBuildPhase section */

/* Begin XCBuildConfiguration section */
		316661352BAD8466009D22D8 /* Debug */ = {
			isa = XCBuildConfiguration;
			buildSettings = {
				ALWAYS_SEARCH_USER_PATHS = NO;
				ASSETCATALOG_COMPILER_GENERATE_SWIFT_ASSET_SYMBOL_EXTENSIONS = YES;
				CLANG_ANALYZER_NONNULL = YES;
				CLANG_ANALYZER_NUMBER_OBJECT_CONVERSION = YES_AGGRESSIVE;
				CLANG_CXX_LANGUAGE_STANDARD = "gnu++20";
				CLANG_ENABLE_MODULES = YES;
				CLANG_ENABLE_OBJC_ARC = YES;
				CLANG_ENABLE_OBJC_WEAK = YES;
				CLANG_WARN_BLOCK_CAPTURE_AUTORELEASING = YES;
				CLANG_WARN_BOOL_CONVERSION = YES;
				CLANG_WARN_COMMA = YES;
				CLANG_WARN_CONSTANT_CONVERSION = YES;
				CLANG_WARN_DEPRECATED_OBJC_IMPLEMENTATIONS = YES;
				CLANG_WARN_DIRECT_OBJC_ISA_USAGE = YES_ERROR;
				CLANG_WARN_DOCUMENTATION_COMMENTS = YES;
				CLANG_WARN_EMPTY_BODY = YES;
				CLANG_WARN_ENUM_CONVERSION = YES;
				CLANG_WARN_INFINITE_RECURSION = YES;
				CLANG_WARN_INT_CONVERSION = YES;
				CLANG_WARN_NON_LITERAL_NULL_CONVERSION = YES;
				CLANG_WARN_OBJC_IMPLICIT_RETAIN_SELF = YES;
				CLANG_WARN_OBJC_LITERAL_CONVERSION = YES;
				CLANG_WARN_OBJC_ROOT_CLASS = YES_ERROR;
				CLANG_WARN_QUOTED_INCLUDE_IN_FRAMEWORK_HEADER = YES;
				CLANG_WARN_RANGE_LOOP_ANALYSIS = YES;
				CLANG_WARN_STRICT_PROTOTYPES = YES;
				CLANG_WARN_SUSPICIOUS_MOVE = YES;
				CLANG_WARN_UNGUARDED_AVAILABILITY = YES_AGGRESSIVE;
				CLANG_WARN_UNREACHABLE_CODE = YES;
				CLANG_WARN__DUPLICATE_METHOD_MATCH = YES;
				COPY_PHASE_STRIP = NO;
				DEBUG_INFORMATION_FORMAT = dwarf;
				ENABLE_STRICT_OBJC_MSGSEND = YES;
				ENABLE_TESTABILITY = YES;
				ENABLE_USER_SCRIPT_SANDBOXING = YES;
				GCC_C_LANGUAGE_STANDARD = gnu17;
				GCC_DYNAMIC_NO_PIC = NO;
				GCC_NO_COMMON_BLOCKS = YES;
				GCC_OPTIMIZATION_LEVEL = 0;
				GCC_PREPROCESSOR_DEFINITIONS = (
					"DEBUG=1",
					"$(inherited)",
				);
				GCC_WARN_64_TO_32_BIT_CONVERSION = YES;
				GCC_WARN_ABOUT_RETURN_TYPE = YES_ERROR;
				GCC_WARN_UNDECLARED_SELECTOR = YES;
				GCC_WARN_UNINITIALIZED_AUTOS = YES_AGGRESSIVE;
				GCC_WARN_UNUSED_FUNCTION = YES;
				GCC_WARN_UNUSED_VARIABLE = YES;
				IPHONEOS_DEPLOYMENT_TARGET = 17.2;
				LOCALIZATION_PREFERS_STRING_CATALOGS = YES;
				MTL_ENABLE_DEBUG_INFO = INCLUDE_SOURCE;
				MTL_FAST_MATH = YES;
				ONLY_ACTIVE_ARCH = YES;
				SDKROOT = iphoneos;
				SWIFT_ACTIVE_COMPILATION_CONDITIONS = "DEBUG $(inherited)";
				SWIFT_OPTIMIZATION_LEVEL = "-Onone";
			};
			name = Debug;
		};
		316661362BAD8466009D22D8 /* Release */ = {
			isa = XCBuildConfiguration;
			buildSettings = {
				ALWAYS_SEARCH_USER_PATHS = NO;
				ASSETCATALOG_COMPILER_GENERATE_SWIFT_ASSET_SYMBOL_EXTENSIONS = YES;
				CLANG_ANALYZER_NONNULL = YES;
				CLANG_ANALYZER_NUMBER_OBJECT_CONVERSION = YES_AGGRESSIVE;
				CLANG_CXX_LANGUAGE_STANDARD = "gnu++20";
				CLANG_ENABLE_MODULES = YES;
				CLANG_ENABLE_OBJC_ARC = YES;
				CLANG_ENABLE_OBJC_WEAK = YES;
				CLANG_WARN_BLOCK_CAPTURE_AUTORELEASING = YES;
				CLANG_WARN_BOOL_CONVERSION = YES;
				CLANG_WARN_COMMA = YES;
				CLANG_WARN_CONSTANT_CONVERSION = YES;
				CLANG_WARN_DEPRECATED_OBJC_IMPLEMENTATIONS = YES;
				CLANG_WARN_DIRECT_OBJC_ISA_USAGE = YES_ERROR;
				CLANG_WARN_DOCUMENTATION_COMMENTS = YES;
				CLANG_WARN_EMPTY_BODY = YES;
				CLANG_WARN_ENUM_CONVERSION = YES;
				CLANG_WARN_INFINITE_RECURSION = YES;
				CLANG_WARN_INT_CONVERSION = YES;
				CLANG_WARN_NON_LITERAL_NULL_CONVERSION = YES;
				CLANG_WARN_OBJC_IMPLICIT_RETAIN_SELF = YES;
				CLANG_WARN_OBJC_LITERAL_CONVERSION = YES;
				CLANG_WARN_OBJC_ROOT_CLASS = YES_ERROR;
				CLANG_WARN_QUOTED_INCLUDE_IN_FRAMEWORK_HEADER = YES;
				CLANG_WARN_RANGE_LOOP_ANALYSIS = YES;
				CLANG_WARN_STRICT_PROTOTYPES = YES;
				CLANG_WARN_SUSPICIOUS_MOVE = YES;
				CLANG_WARN_UNGUARDED_AVAILABILITY = YES_AGGRESSIVE;
				CLANG_WARN_UNREACHABLE_CODE = YES;
				CLANG_WARN__DUPLICATE_METHOD_MATCH = YES;
				COPY_PHASE_STRIP = NO;
				DEBUG_INFORMATION_FORMAT = "dwarf-with-dsym";
				ENABLE_NS_ASSERTIONS = NO;
				ENABLE_STRICT_OBJC_MSGSEND = YES;
				ENABLE_USER_SCRIPT_SANDBOXING = YES;
				GCC_C_LANGUAGE_STANDARD = gnu17;
				GCC_NO_COMMON_BLOCKS = YES;
				GCC_WARN_64_TO_32_BIT_CONVERSION = YES;
				GCC_WARN_ABOUT_RETURN_TYPE = YES_ERROR;
				GCC_WARN_UNDECLARED_SELECTOR = YES;
				GCC_WARN_UNINITIALIZED_AUTOS = YES_AGGRESSIVE;
				GCC_WARN_UNUSED_FUNCTION = YES;
				GCC_WARN_UNUSED_VARIABLE = YES;
				IPHONEOS_DEPLOYMENT_TARGET = 17.2;
				LOCALIZATION_PREFERS_STRING_CATALOGS = YES;
				MTL_ENABLE_DEBUG_INFO = NO;
				MTL_FAST_MATH = YES;
				SDKROOT = iphoneos;
				SWIFT_COMPILATION_MODE = wholemodule;
				VALIDATE_PRODUCT = YES;
			};
			name = Release;
		};
		316661382BAD8466009D22D8 /* Debug */ = {
			isa = XCBuildConfiguration;
			buildSettings = {
				ASSETCATALOG_COMPILER_APPICON_NAME = AppIcon;
				ASSETCATALOG_COMPILER_GLOBAL_ACCENT_COLOR_NAME = AccentColor;
				CLANG_ENABLE_MODULES = YES;
				CODE_SIGN_STYLE = Automatic;
				CURRENT_PROJECT_VERSION = 1;
				DEVELOPMENT_ASSET_PATHS = "\"TrollInstallerX/Preview Content\"";
				DEVELOPMENT_TEAM = 76V43E9CWT;
				ENABLE_PREVIEWS = YES;
				GENERATE_INFOPLIST_FILE = YES;
				HEADER_SEARCH_PATHS = (
					TrollInstallerX/External/include,
					TrollInstallerX/Exploitation/,
				);
				INFOPLIST_KEY_CFBundleDisplayName = TrollInstallerX;
				INFOPLIST_KEY_NSAppleMusicUsageDescription = "Unsandboxing with MacDirtyCow";
				INFOPLIST_KEY_UIApplicationSceneManifest_Generation = YES;
				INFOPLIST_KEY_UIApplicationSupportsIndirectInputEvents = YES;
				INFOPLIST_KEY_UILaunchScreen_Generation = YES;
				INFOPLIST_KEY_UISupportedInterfaceOrientations = UIInterfaceOrientationPortrait;
				INFOPLIST_KEY_UISupportedInterfaceOrientations_iPad = "UIInterfaceOrientationPortrait UIInterfaceOrientationPortraitUpsideDown";
				IPHONEOS_DEPLOYMENT_TARGET = 14.0;
				LD_RUNPATH_SEARCH_PATHS = (
					"$(inherited)",
					"@executable_path/Frameworks",
				);
				LIBRARY_SEARCH_PATHS = (
					"$(inherited)",
					"$(PROJECT_DIR)/TrollInstallerX/External/lib",
				);
				MARKETING_VERSION = 1.0.3;
				PRODUCT_BUNDLE_IDENTIFIER = com.Alfie.TrollInstallerX;
				PRODUCT_NAME = "$(TARGET_NAME)";
				SWIFT_EMIT_LOC_STRINGS = YES;
				SWIFT_OBJC_BRIDGING_HEADER = "TrollInstallerX/TrollInstallerX-Bridging-Header.h";
				SWIFT_OPTIMIZATION_LEVEL = "-Onone";
				SWIFT_VERSION = 5.0;
				SYSTEM_HEADER_SEARCH_PATHS = TrollInstallerX/External/include;
				TARGETED_DEVICE_FAMILY = "1,2";
			};
			name = Debug;
		};
		316661392BAD8466009D22D8 /* Release */ = {
			isa = XCBuildConfiguration;
			buildSettings = {
				ASSETCATALOG_COMPILER_APPICON_NAME = AppIcon;
				ASSETCATALOG_COMPILER_GLOBAL_ACCENT_COLOR_NAME = AccentColor;
				CLANG_ENABLE_MODULES = YES;
				CODE_SIGN_STYLE = Automatic;
				CURRENT_PROJECT_VERSION = 1;
				DEVELOPMENT_ASSET_PATHS = "\"TrollInstallerX/Preview Content\"";
				DEVELOPMENT_TEAM = 76V43E9CWT;
				ENABLE_PREVIEWS = YES;
				GENERATE_INFOPLIST_FILE = YES;
				HEADER_SEARCH_PATHS = (
					TrollInstallerX/External/include,
					TrollInstallerX/Exploitation/,
				);
				INFOPLIST_KEY_CFBundleDisplayName = TrollInstallerX;
				INFOPLIST_KEY_NSAppleMusicUsageDescription = "Unsandboxing with MacDirtyCow";
				INFOPLIST_KEY_UIApplicationSceneManifest_Generation = YES;
				INFOPLIST_KEY_UIApplicationSupportsIndirectInputEvents = YES;
				INFOPLIST_KEY_UILaunchScreen_Generation = YES;
				INFOPLIST_KEY_UISupportedInterfaceOrientations = UIInterfaceOrientationPortrait;
				INFOPLIST_KEY_UISupportedInterfaceOrientations_iPad = "UIInterfaceOrientationPortrait UIInterfaceOrientationPortraitUpsideDown";
				IPHONEOS_DEPLOYMENT_TARGET = 14.0;
				LD_RUNPATH_SEARCH_PATHS = (
					"$(inherited)",
					"@executable_path/Frameworks",
				);
				LIBRARY_SEARCH_PATHS = (
					"$(inherited)",
					"$(PROJECT_DIR)/TrollInstallerX/External/lib",
				);
				MARKETING_VERSION = 1.0.3;
				PRODUCT_BUNDLE_IDENTIFIER = com.Alfie.TrollInstallerX;
				PRODUCT_NAME = "$(TARGET_NAME)";
				SWIFT_EMIT_LOC_STRINGS = YES;
				SWIFT_OBJC_BRIDGING_HEADER = "TrollInstallerX/TrollInstallerX-Bridging-Header.h";
				SWIFT_VERSION = 5.0;
				SYSTEM_HEADER_SEARCH_PATHS = TrollInstallerX/External/include;
				TARGETED_DEVICE_FAMILY = "1,2";
			};
			name = Release;
		};
/* End XCBuildConfiguration section */

/* Begin XCConfigurationList section */
		316661242BAD8465009D22D8 /* Build configuration list for PBXProject "TrollInstallerX" */ = {
			isa = XCConfigurationList;
			buildConfigurations = (
				316661352BAD8466009D22D8 /* Debug */,
				316661362BAD8466009D22D8 /* Release */,
			);
			defaultConfigurationIsVisible = 0;
			defaultConfigurationName = Release;
		};
		316661372BAD8466009D22D8 /* Build configuration list for PBXNativeTarget "TrollInstallerX" */ = {
			isa = XCConfigurationList;
			buildConfigurations = (
				316661382BAD8466009D22D8 /* Debug */,
				316661392BAD8466009D22D8 /* Release */,
			);
			defaultConfigurationIsVisible = 0;
			defaultConfigurationName = Release;
		};
/* End XCConfigurationList section */
	};
	rootObject = 316661212BAD8465009D22D8 /* Project object */;
}
